<?xml version="1.0" encoding="utf-8"?>
<Project ToolsVersion="4.0" xmlns="http://schemas.microsoft.com/developer/msbuild/2003">
  <ItemGroup>
    <Filter Include="Ressourcendateien">
      <UniqueIdentifier>{67DA6AB6-F800-4c08-8B7A-83BB121AAD01}</UniqueIdentifier>
      <Extensions>rc;ico;cur;bmp;dlg;rc2;rct;bin;rgs;gif;jpg;jpeg;jpe;resx;tiff;tif;png;wav;mfcribbon-ms</Extensions>
    </Filter>
    <Filter Include="Quelldateien">
      <UniqueIdentifier>{93995380-89BD-4b04-88EB-625FBE52EBFB}</UniqueIdentifier>
      <Extensions>h;hpp;hxx;hm;inl;inc;xsd;cpp;c;cc;cxx;def;odl;idl;hpj;bat;asm;asmx</Extensions>
    </Filter>
    <Filter Include="Quelldateien\ActivationOrder">
      <UniqueIdentifier>{c371cb1f-7969-4486-84ae-39d29d8ead5d}</UniqueIdentifier>
    </Filter>
    <Filter Include="Quelldateien\NetworkTopology">
      <UniqueIdentifier>{54470349-f2cd-450a-b0e2-8f48c7690fb6}</UniqueIdentifier>
    </Filter>
    <Filter Include="Quelldateien\Neuron">
      <UniqueIdentifier>{ff89ba63-a219-4cef-a96f-b63397b80bf3}</UniqueIdentifier>
    </Filter>
    <Filter Include="Quelldateien\Function">
      <UniqueIdentifier>{56f3d7c2-006d-45b6-b899-c7f0908202f5}</UniqueIdentifier>
    </Filter>
    <Filter Include="Quelldateien\NeuralNetwork">
      <UniqueIdentifier>{cab1bad9-86a8-4c43-a90f-b407dadd336a}</UniqueIdentifier>
    </Filter>
    <Filter Include="Quelldateien\Learning">
      <UniqueIdentifier>{a7efac7b-7060-4341-bd65-ee417a74389c}</UniqueIdentifier>
    </Filter>
    <Filter Include="Quelldateien\Teaching">
      <UniqueIdentifier>{26cea91d-ef3e-4174-9869-b522f7d3f9ae}</UniqueIdentifier>
    </Filter>
    <Filter Include="Quelldateien\Graphics">
      <UniqueIdentifier>{734068f5-0975-4e7f-b6aa-df7dbf3b849c}</UniqueIdentifier>
    </Filter>
    <Filter Include="Quelldateien\NeuronFactory">
      <UniqueIdentifier>{72294d96-7099-4cc7-bb29-7218ce5a24ce}</UniqueIdentifier>
    </Filter>
    <Filter Include="Quelldateien\ClusterAnalysis">
      <UniqueIdentifier>{4db96599-cd2c-4dce-8bd8-646c9b718330}</UniqueIdentifier>
    </Filter>
  </ItemGroup>
  <ItemGroup>
    <ClInclude Include="ActivationOrder\SynchronousOrder.hpp">
      <Filter>Quelldateien\ActivationOrder</Filter>
    </ClInclude>
    <ClInclude Include="ActivationOrder\TopologicalOrder.hpp">
      <Filter>Quelldateien\ActivationOrder</Filter>
    </ClInclude>
    <ClInclude Include="ActivationOrder\AbstractActivationOrder.hpp">
      <Filter>Quelldateien\ActivationOrder</Filter>
    </ClInclude>
    <ClInclude Include="ClusterAnalysis\AbstractReliableRBFNeuronPlacer.hpp">
      <Filter>Quelldateien\ClusterAnalysis</Filter>
    </ClInclude>
    <ClInclude Include="ClusterAnalysis\Cluster.hpp">
      <Filter>Quelldateien\ClusterAnalysis</Filter>
    </ClInclude>
    <ClInclude Include="ClusterAnalysis\ENearestClustering.hpp">
      <Filter>Quelldateien\ClusterAnalysis</Filter>
    </ClInclude>
    <ClInclude Include="ClusterAnalysis\ENearestRBFNeuronPlacer.hpp">
      <Filter>Quelldateien\ClusterAnalysis</Filter>
    </ClInclude>
    <ClInclude Include="ClusterAnalysis\KMeansClustering.hpp">
      <Filter>Quelldateien\ClusterAnalysis</Filter>
    </ClInclude>
    <ClInclude Include="ClusterAnalysis\KMeansRBFNeuronPlacer.hpp">
      <Filter>Quelldateien\ClusterAnalysis</Filter>
    </ClInclude>
    <ClInclude Include="ClusterAnalysis\KNearestClustering.hpp">
      <Filter>Quelldateien\ClusterAnalysis</Filter>
    </ClInclude>
    <ClInclude Include="ClusterAnalysis\KNearestRBFNeuronPlacer.hpp">
      <Filter>Quelldateien\ClusterAnalysis</Filter>
    </ClInclude>
    <ClInclude Include="ClusterAnalysis\Point.hpp">
      <Filter>Quelldateien\ClusterAnalysis</Filter>
    </ClInclude>
    <ClInclude Include="ClusterAnalysis\PointSet.hpp">
      <Filter>Quelldateien\ClusterAnalysis</Filter>
    </ClInclude>
    <ClInclude Include="ClusterAnalysis\ROLFClustering.hpp">
      <Filter>Quelldateien\ClusterAnalysis</Filter>
    </ClInclude>
    <ClInclude Include="ClusterAnalysis\ROLFNeuronPlacer.hpp">
      <Filter>Quelldateien\ClusterAnalysis</Filter>
    </ClInclude>
    <ClInclude Include="ClusterAnalysis\ValuePosition.hpp">
      <Filter>Quelldateien\ClusterAnalysis</Filter>
    </ClInclude>
    <ClInclude Include="ClusterAnalysis\AbstractClustering.hpp">
      <Filter>Quelldateien\ClusterAnalysis</Filter>
    </ClInclude>
    <ClInclude Include="ClusterAnalysis\AbstractNearestClustering.hpp">
      <Filter>Quelldateien\ClusterAnalysis</Filter>
    </ClInclude>
    <ClInclude Include="ClusterAnalysis\AbstractNonReliableRBFNeuronPlacer.hpp">
      <Filter>Quelldateien\ClusterAnalysis</Filter>
    </ClInclude>
    <ClInclude Include="ClusterAnalysis\AbstractRBFNeuronPlacer.hpp">
      <Filter>Quelldateien\ClusterAnalysis</Filter>
    </ClInclude>
    <ClInclude Include="Function\EuclideanDistance.hpp">
      <Filter>Quelldateien\Function</Filter>
    </ClInclude>
    <ClInclude Include="Function\FermiFunction.hpp">
      <Filter>Quelldateien\Function</Filter>
    </ClInclude>
    <ClInclude Include="Function\GaussianRBFFunction.hpp">
      <Filter>Quelldateien\Function</Filter>
    </ClInclude>
    <ClInclude Include="Function\HyperbolicTangentFunction.hpp">
      <Filter>Quelldateien\Function</Filter>
    </ClInclude>
    <ClInclude Include="Function\IdentityFunction.hpp">
      <Filter>Quelldateien\Function</Filter>
    </ClInclude>
    <ClInclude Include="Function\WeightedSumFunction.hpp">
      <Filter>Quelldateien\Function</Filter>
    </ClInclude>
    <ClInclude Include="Function\AbstractActivationFunction.hpp">
      <Filter>Quelldateien\Function</Filter>
    </ClInclude>
    <ClInclude Include="Function\AbstractInputFunction.hpp">
      <Filter>Quelldateien\Function</Filter>
    </ClInclude>
    <ClInclude Include="Function\AbstractOutputFunction.hpp">
      <Filter>Quelldateien\Function</Filter>
    </ClInclude>
    <ClInclude Include="Function\BinaryFunction.hpp">
      <Filter>Quelldateien\Function</Filter>
    </ClInclude>
    <ClInclude Include="Graphics\Arrow.hpp">
      <Filter>Quelldateien\Graphics</Filter>
    </ClInclude>
    <ClInclude Include="Graphics\FreeNetworkTopologyDrawer.hpp">
      <Filter>Quelldateien\Graphics</Filter>
    </ClInclude>
    <ClInclude Include="Graphics\GraphicObject.hpp">
      <Filter>Quelldateien\Graphics</Filter>
    </ClInclude>
    <ClInclude Include="Graphics\LayeredNetworkTopologyDrawer.hpp">
      <Filter>Quelldateien\Graphics</Filter>
    </ClInclude>
    <ClInclude Include="Graphics\NeuralNetworkResultChart.hpp">
      <Filter>Quelldateien\Graphics</Filter>
    </ClInclude>
    <ClInclude Include="Graphics\RBFNetworkStructureChart.hpp">
      <Filter>Quelldateien\Graphics</Filter>
    </ClInclude>
    <ClInclude Include="Graphics\AbstractNetworkTopologyDrawer.hpp">
      <Filter>Quelldateien\Graphics</Filter>
    </ClInclude>
    <ClInclude Include="Learning\DeltaLearningRule.hpp">
      <Filter>Quelldateien\Learning</Filter>
    </ClInclude>
    <ClInclude Include="Learning\RBFInterpolationLearningRule.hpp">
      <Filter>Quelldateien\Learning</Filter>
    </ClInclude>
    <ClInclude Include="Learning\RealTimeRecurrentLearningRule.hpp">
      <Filter>Quelldateien\Learning</Filter>
    </ClInclude>
    <ClInclude Include="Learning\ResilientLearningRateHelper.hpp">
      <Filter>Quelldateien\Learning</Filter>
    </ClInclude>
    <ClInclude Include="Learning\SchmidhuberLearningRule.hpp">
      <Filter>Quelldateien\Learning</Filter>
    </ClInclude>
    <ClInclude Include="Learning\SingleLayerPerceptronLearningRule.hpp">
      <Filter>Quelldateien\Learning</Filter>
    </ClInclude>
    <ClInclude Include="Learning\TruncatedBackpropagationThroughTimeLearningRule.hpp">
      <Filter>Quelldateien\Learning</Filter>
    </ClInclude>
    <ClInclude Include="Learning\AbstractLearningRule.hpp">
      <Filter>Quelldateien\Learning</Filter>
    </ClInclude>
    <ClInclude Include="Learning\BackpropagationLearningRule.hpp">
      <Filter>Quelldateien\Learning</Filter>
    </ClInclude>
    <ClInclude Include="Learning\BackpropagationThroughTimeLearningRule.hpp">
      <Filter>Quelldateien\Learning</Filter>
    </ClInclude>
    <ClInclude Include="Learning\CascadeCorrelationLearningRule.hpp">
      <Filter>Quelldateien\Learning</Filter>
    </ClInclude>
    <ClInclude Include="NetworkTopology\RBFNetwork.hpp">
      <Filter>Quelldateien\NetworkTopology</Filter>
    </ClInclude>
    <ClInclude Include="NetworkTopology\RecurrentLayeredNetwork.hpp">
      <Filter>Quelldateien\NetworkTopology</Filter>
    </ClInclude>
    <ClInclude Include="NetworkTopology\RecurrentNetworkInterface.hpp">
      <Filter>Quelldateien\NetworkTopology</Filter>
    </ClInclude>
    <ClInclude Include="NetworkTopology\AbstractNetworkTopology.hpp">
      <Filter>Quelldateien\NetworkTopology</Filter>
    </ClInclude>
    <ClInclude Include="NetworkTopology\CascadeCorrelationNetwork.hpp">
      <Filter>Quelldateien\NetworkTopology</Filter>
    </ClInclude>
    <ClInclude Include="NetworkTopology\FreeNetwork.hpp">
      <Filter>Quelldateien\NetworkTopology</Filter>
    </ClInclude>
    <ClInclude Include="NetworkTopology\LayeredNetwork.hpp">
      <Filter>Quelldateien\NetworkTopology</Filter>
    </ClInclude>
    <ClInclude Include="NeuralNetwork\NeuralNetwork.hpp">
      <Filter>Quelldateien\NeuralNetwork</Filter>
    </ClInclude>
    <ClInclude Include="Neuron\AbstractThreshold.hpp">
      <Filter>Quelldateien\Neuron</Filter>
    </ClInclude>
    <ClInclude Include="Neuron\BiasNeuron.hpp">
      <Filter>Quelldateien\Neuron</Filter>
    </ClInclude>
    <ClInclude Include="Neuron\Edge.hpp">
      <Filter>Quelldateien\Neuron</Filter>
    </ClInclude>
    <ClInclude Include="Neuron\InputNeuron.hpp">
      <Filter>Quelldateien\Neuron</Filter>
    </ClInclude>
    <ClInclude Include="Neuron\RBFThreshold.hpp">
      <Filter>Quelldateien\Neuron</Filter>
    </ClInclude>
    <ClInclude Include="Neuron\StandardNeuron.hpp">
      <Filter>Quelldateien\Neuron</Filter>
    </ClInclude>
    <ClInclude Include="Neuron\StandardThreshold.hpp">
      <Filter>Quelldateien\Neuron</Filter>
    </ClInclude>
    <ClInclude Include="Neuron\AbstractNeuron.hpp">
      <Filter>Quelldateien\Neuron</Filter>
    </ClInclude>
    <ClInclude Include="NeuronFactory\DifferentFunctionsNeuronFactory.hpp">
      <Filter>Quelldateien\NeuronFactory</Filter>
    </ClInclude>
    <ClInclude Include="NeuronFactory\SameFunctionsNeuronFactory.hpp">
      <Filter>Quelldateien\NeuronFactory</Filter>
    </ClInclude>
    <ClInclude Include="NeuronFactory\AbstractNeuronFactory.hpp">
      <Filter>Quelldateien\NeuronFactory</Filter>
    </ClInclude>
    <ClInclude Include="Teaching\TeachingLessonBooleanInput.hpp">
      <Filter>Quelldateien\Teaching</Filter>
    </ClInclude>
    <ClInclude Include="Teaching\TeachingLessonLinearInput.hpp">
      <Filter>Quelldateien\Teaching</Filter>
    </ClInclude>
    <ClInclude Include="Teaching\AbstractTeachingLesson.hpp">
      <Filter>Quelldateien\Teaching</Filter>
    </ClInclude>
    <ClInclude Include="Teaching\Teacher.hpp">
      <Filter>Quelldateien\Teaching</Filter>
    </ClInclude>
    <ClInclude Include="Function\MinimumNetInputActivationFunction.hpp">
      <Filter>Quelldateien\Function</Filter>
    </ClInclude>
    <ClInclude Include="Neuron\NeuronCompareThreshold.hpp">
      <Filter>Quelldateien\Neuron</Filter>
    </ClInclude>
    <ClInclude Include="NetworkTopology\LVQNetwork.hpp">
      <Filter>Quelldateien\NetworkTopology</Filter>
    </ClInclude>
    <ClInclude Include="Learning\LVQ1LearningRule.hpp">
      <Filter>Quelldateien\Learning</Filter>
    </ClInclude>
    <ClInclude Include="Learning\LVQ2LearningRule.hpp">
      <Filter>Quelldateien\Learning</Filter>
    </ClInclude>
    <ClInclude Include="Learning\LVQ3LearningRule.hpp">
      <Filter>Quelldateien\Learning</Filter>
    </ClInclude>
    <ClInclude Include="Graphics\LVQNetworkStructureChart.hpp">
      <Filter>Quelldateien\Graphics</Filter>
    </ClInclude>
    <ClInclude Include="NeuralNetwork\NeuralNetworkIO.hpp">
      <Filter>Quelldateien\Neuron</Filter>
    </ClInclude>
    <ClInclude Include="Learning\OLVQ1LearningRule.hpp">
      <Filter>Quelldateien\Learning</Filter>
    </ClInclude>
    <ClInclude Include="NetworkTopology\SOMNetwork.hpp">
      <Filter>Quelldateien\NetworkTopology</Filter>
    </ClInclude>
    <ClInclude Include="NetworkTopology\AbstractSOMStructure.hpp">
      <Filter>Quelldateien\NetworkTopology</Filter>
    </ClInclude>
    <ClInclude Include="NetworkTopology\LineStructure.hpp">
      <Filter>Quelldateien\NetworkTopology</Filter>
    </ClInclude>
    <ClInclude Include="Graphics\AbstractNetworkStructureChart.hpp">
      <Filter>Quelldateien\Graphics</Filter>
    </ClInclude>
    <ClInclude Include="Graphics\SOMNetworkStructureChart.hpp">
      <Filter>Quelldateien\Graphics</Filter>
    </ClInclude>
    <ClInclude Include="Learning\SOMLearningRule.hpp">
      <Filter>Quelldateien\Learning</Filter>
    </ClInclude>
    <ClInclude Include="Function\AbstractNeighborhoodFunction.hpp">
      <Filter>Quelldateien\Function</Filter>
    </ClInclude>
    <ClInclude Include="Function\CylinderFunction.hpp">
      <Filter>Quelldateien\Function</Filter>
    </ClInclude>
    <ClInclude Include="Function\AbstractShrinkFunction.hpp">
      <Filter>Quelldateien\Function</Filter>
    </ClInclude>
    <ClInclude Include="Function\ExponentialShrinkFunction.hpp">
      <Filter>Quelldateien\Function</Filter>
    </ClInclude>
    <ClInclude Include="Function\ConeFunction.hpp">
      <Filter>Quelldateien\Function</Filter>
    </ClInclude>
    <ClInclude Include="Function\CosinusFunction.hpp">
      <Filter>Quelldateien\Function</Filter>
    </ClInclude>
  </ItemGroup>
  <ItemGroup>
    <ClCompile Include="ActivationOrder\TopologicalOrder.cpp">
      <Filter>Quelldateien\ActivationOrder</Filter>
    </ClCompile>
    <ClCompile Include="ActivationOrder\AbstractActivationOrder.cpp">
      <Filter>Quelldateien\ActivationOrder</Filter>
    </ClCompile>
    <ClCompile Include="ActivationOrder\SynchronousOrder.cpp">
      <Filter>Quelldateien\ActivationOrder</Filter>
    </ClCompile>
    <ClCompile Include="ClusterAnalysis\ENearestClustering.cpp">
      <Filter>Quelldateien\ClusterAnalysis</Filter>
    </ClCompile>
    <ClCompile Include="ClusterAnalysis\ENearestRBFNeuronPlacer.cpp">
      <Filter>Quelldateien\ClusterAnalysis</Filter>
    </ClCompile>
    <ClCompile Include="ClusterAnalysis\KMeansClustering.cpp">
      <Filter>Quelldateien\ClusterAnalysis</Filter>
    </ClCompile>
    <ClCompile Include="ClusterAnalysis\KMeansRBFNeuronPlacer.cpp">
      <Filter>Quelldateien\ClusterAnalysis</Filter>
    </ClCompile>
    <ClCompile Include="ClusterAnalysis\KNearestClustering.cpp">
      <Filter>Quelldateien\ClusterAnalysis</Filter>
    </ClCompile>
    <ClCompile Include="ClusterAnalysis\KNearestRBFNeuronPlacer.cpp">
      <Filter>Quelldateien\ClusterAnalysis</Filter>
    </ClCompile>
    <ClCompile Include="ClusterAnalysis\PointSet.cpp">
      <Filter>Quelldateien\ClusterAnalysis</Filter>
    </ClCompile>
    <ClCompile Include="ClusterAnalysis\ROLFClustering.cpp">
      <Filter>Quelldateien\ClusterAnalysis</Filter>
    </ClCompile>
    <ClCompile Include="ClusterAnalysis\ROLFNeuronPlacer.cpp">
      <Filter>Quelldateien\ClusterAnalysis</Filter>
    </ClCompile>
    <ClCompile Include="ClusterAnalysis\ValuePosition.cpp">
      <Filter>Quelldateien\ClusterAnalysis</Filter>
    </ClCompile>
    <ClCompile Include="ClusterAnalysis\AbstractClustering.cpp">
      <Filter>Quelldateien\ClusterAnalysis</Filter>
    </ClCompile>
    <ClCompile Include="ClusterAnalysis\AbstractNearestClustering.cpp">
      <Filter>Quelldateien\ClusterAnalysis</Filter>
    </ClCompile>
    <ClCompile Include="ClusterAnalysis\AbstractNonReliableRBFNeuronPlacer.cpp">
      <Filter>Quelldateien\ClusterAnalysis</Filter>
    </ClCompile>
    <ClCompile Include="ClusterAnalysis\AbstractRBFNeuronPlacer.cpp">
      <Filter>Quelldateien\ClusterAnalysis</Filter>
    </ClCompile>
    <ClCompile Include="ClusterAnalysis\AbstractReliableRBFNeuronPlacer.cpp">
      <Filter>Quelldateien\ClusterAnalysis</Filter>
    </ClCompile>
    <ClCompile Include="Function\FermiFunction.cpp">
      <Filter>Quelldateien\Function</Filter>
    </ClCompile>
    <ClCompile Include="Function\GaussianRBFFunction.cpp">
      <Filter>Quelldateien\Function</Filter>
    </ClCompile>
    <ClCompile Include="Function\HyperbolicTangentFunction.cpp">
      <Filter>Quelldateien\Function</Filter>
    </ClCompile>
    <ClCompile Include="Function\IdentityFunction.cpp">
      <Filter>Quelldateien\Function</Filter>
    </ClCompile>
    <ClCompile Include="Function\WeightedSumFunction.cpp">
      <Filter>Quelldateien\Function</Filter>
    </ClCompile>
    <ClCompile Include="Function\AbstractActivationFunction.cpp">
      <Filter>Quelldateien\Function</Filter>
    </ClCompile>
    <ClCompile Include="Function\AbstractInputFunction.cpp">
      <Filter>Quelldateien\Function</Filter>
    </ClCompile>
    <ClCompile Include="Function\AbstractOutputFunction.cpp">
      <Filter>Quelldateien\Function</Filter>
    </ClCompile>
    <ClCompile Include="Function\BinaryFunction.cpp">
      <Filter>Quelldateien\Function</Filter>
    </ClCompile>
    <ClCompile Include="Function\EuclideanDistance.cpp">
      <Filter>Quelldateien\Function</Filter>
    </ClCompile>
    <ClCompile Include="Graphics\Arrow.cpp">
      <Filter>Quelldateien\Graphics</Filter>
    </ClCompile>
    <ClCompile Include="Graphics\FreeNetworkTopologyDrawer.cpp">
      <Filter>Quelldateien\Graphics</Filter>
    </ClCompile>
    <ClCompile Include="Graphics\GraphicObject.cpp">
      <Filter>Quelldateien\Graphics</Filter>
    </ClCompile>
    <ClCompile Include="Graphics\LayeredNetworkTopologyDrawer.cpp">
      <Filter>Quelldateien\Graphics</Filter>
    </ClCompile>
    <ClCompile Include="Graphics\NeuralNetworkResultChart.cpp">
      <Filter>Quelldateien\Graphics</Filter>
    </ClCompile>
    <ClCompile Include="Graphics\RBFNetworkStructureChart.cpp">
      <Filter>Quelldateien\Graphics</Filter>
    </ClCompile>
    <ClCompile Include="Graphics\AbstractNetworkTopologyDrawer.cpp">
      <Filter>Quelldateien\Graphics</Filter>
    </ClCompile>
    <ClCompile Include="Learning\RBFInterpolationLearningRule.cpp">
      <Filter>Quelldateien\Learning</Filter>
    </ClCompile>
    <ClCompile Include="Learning\RealTimeRecurrentLearningRule.cpp">
      <Filter>Quelldateien\Learning</Filter>
    </ClCompile>
    <ClCompile Include="Learning\ResilientLearningRateHelper.cpp">
      <Filter>Quelldateien\Learning</Filter>
    </ClCompile>
    <ClCompile Include="Learning\SchmidhuberLearningRule.cpp">
      <Filter>Quelldateien\Learning</Filter>
    </ClCompile>
    <ClCompile Include="Learning\SingleLayerPerceptronLearningRule.cpp">
      <Filter>Quelldateien\Learning</Filter>
    </ClCompile>
    <ClCompile Include="Learning\TruncatedBackpropagationThroughTimeLearningRule.cpp">
      <Filter>Quelldateien\Learning</Filter>
    </ClCompile>
    <ClCompile Include="Learning\AbstractLearningRule.cpp">
      <Filter>Quelldateien\Learning</Filter>
    </ClCompile>
    <ClCompile Include="Learning\BackpropagationLearningRule.cpp">
      <Filter>Quelldateien\Learning</Filter>
    </ClCompile>
    <ClCompile Include="Learning\BackpropagationThroughTimeLearningRule.cpp">
      <Filter>Quelldateien\Learning</Filter>
    </ClCompile>
    <ClCompile Include="Learning\CascadeCorrelationLearningRule.cpp">
      <Filter>Quelldateien\Learning</Filter>
    </ClCompile>
    <ClCompile Include="Learning\DeltaLearningRule.cpp">
      <Filter>Quelldateien\Learning</Filter>
    </ClCompile>
    <ClCompile Include="NetworkTopology\RBFNetwork.cpp">
      <Filter>Quelldateien\NetworkTopology</Filter>
    </ClCompile>
    <ClCompile Include="NetworkTopology\RecurrentLayeredNetwork.cpp">
      <Filter>Quelldateien\NetworkTopology</Filter>
    </ClCompile>
    <ClCompile Include="NetworkTopology\RecurrentNetworkInterface.cpp">
      <Filter>Quelldateien\NetworkTopology</Filter>
    </ClCompile>
    <ClCompile Include="NetworkTopology\AbstractNetworkTopology.cpp">
      <Filter>Quelldateien\NetworkTopology</Filter>
    </ClCompile>
    <ClCompile Include="NetworkTopology\CascadeCorrelationNetwork.cpp">
      <Filter>Quelldateien\NetworkTopology</Filter>
    </ClCompile>
    <ClCompile Include="NetworkTopology\FreeNetwork.cpp">
      <Filter>Quelldateien\NetworkTopology</Filter>
    </ClCompile>
    <ClCompile Include="NetworkTopology\LayeredNetwork.cpp">
      <Filter>Quelldateien\NetworkTopology</Filter>
    </ClCompile>
    <ClCompile Include="NeuralNetwork\NeuralNetworkIO.cpp">
      <Filter>Quelldateien\NeuralNetwork</Filter>
    </ClCompile>
    <ClCompile Include="NeuralNetwork\NeuralNetwork.cpp">
      <Filter>Quelldateien\NeuralNetwork</Filter>
    </ClCompile>
    <ClCompile Include="Neuron\AbstractThreshold.cpp">
      <Filter>Quelldateien\Neuron</Filter>
    </ClCompile>
    <ClCompile Include="Neuron\BiasNeuron.cpp">
      <Filter>Quelldateien\Neuron</Filter>
    </ClCompile>
    <ClCompile Include="Neuron\Edge.cpp">
      <Filter>Quelldateien\Neuron</Filter>
    </ClCompile>
    <ClCompile Include="Neuron\InputNeuron.cpp">
      <Filter>Quelldateien\Neuron</Filter>
    </ClCompile>
    <ClCompile Include="Neuron\RBFThreshold.cpp">
      <Filter>Quelldateien\Neuron</Filter>
    </ClCompile>
    <ClCompile Include="Neuron\StandardNeuron.cpp">
      <Filter>Quelldateien\Neuron</Filter>
    </ClCompile>
    <ClCompile Include="Neuron\StandardThreshold.cpp">
      <Filter>Quelldateien\Neuron</Filter>
    </ClCompile>
    <ClCompile Include="Neuron\AbstractNeuron.cpp">
      <Filter>Quelldateien\Neuron</Filter>
    </ClCompile>
    <ClCompile Include="NeuronFactory\DifferentFunctionsNeuronFactory.cpp">
      <Filter>Quelldateien\NeuronFactory</Filter>
    </ClCompile>
    <ClCompile Include="NeuronFactory\SameFunctionsNeuronFactory.cpp">
      <Filter>Quelldateien\NeuronFactory</Filter>
    </ClCompile>
    <ClCompile Include="NeuronFactory\AbstractNeuronFactory.cpp">
      <Filter>Quelldateien\NeuronFactory</Filter>
    </ClCompile>
    <ClCompile Include="Teaching\TeachingLessonLinearInput.cpp">
      <Filter>Quelldateien\Teaching</Filter>
    </ClCompile>
    <ClCompile Include="Teaching\AbstractTeachingLesson.cpp">
      <Filter>Quelldateien\Teaching</Filter>
    </ClCompile>
    <ClCompile Include="Teaching\Teacher.cpp">
      <Filter>Quelldateien\Teaching</Filter>
    </ClCompile>
    <ClCompile Include="Teaching\TeachingLessonBooleanInput.cpp">
      <Filter>Quelldateien\Teaching</Filter>
    </ClCompile>
    <ClCompile Include="main.cpp">
      <Filter>Quelldateien</Filter>
    </ClCompile>
    <ClCompile Include="Function\MinimumNetInputActivationFunction.cpp">
      <Filter>Quelldateien\Function</Filter>
    </ClCompile>
    <ClCompile Include="Neuron\NeuronCompareThreshold.cpp">
      <Filter>Quelldateien\Neuron</Filter>
    </ClCompile>
    <ClCompile Include="NetworkTopology\LVQNetwork.cpp">
      <Filter>Quelldateien\NetworkTopology</Filter>
    </ClCompile>
    <ClCompile Include="Learning\LVQ1LearningRule.cpp">
      <Filter>Quelldateien\Learning</Filter>
    </ClCompile>
    <ClCompile Include="Learning\LVQ2LearningRule.cpp">
      <Filter>Quelldateien\Learning</Filter>
    </ClCompile>
    <ClCompile Include="Learning\LVQ3LearningRule.cpp">
      <Filter>Quelldateien\Learning</Filter>
    </ClCompile>
    <ClCompile Include="Graphics\LVQNetworkStructureChart.cpp">
      <Filter>Quelldateien\Graphics</Filter>
    </ClCompile>
    <ClCompile Include="Learning\OLVQ1LearningRule.cpp">
      <Filter>Quelldateien\Learning</Filter>
    </ClCompile>
    <ClCompile Include="NetworkTopology\SOMNetwork.cpp">
      <Filter>Quelldateien\NetworkTopology</Filter>
    </ClCompile>
    <ClCompile Include="NetworkTopology\AbstractSOMStructure.cpp">
      <Filter>Quelldateien\NetworkTopology</Filter>
    </ClCompile>
    <ClCompile Include="NetworkTopology\LineStructure.cpp">
      <Filter>Quelldateien\NetworkTopology</Filter>
    </ClCompile>
    <ClCompile Include="Graphics\AbstractNetworkStructureChart.cpp">
      <Filter>Quelldateien\Graphics</Filter>
    </ClCompile>
    <ClCompile Include="Graphics\SOMNetworkStructureChart.cpp">
      <Filter>Quelldateien\Graphics</Filter>
    </ClCompile>
    <ClCompile Include="Learning\SOMLearningRule.cpp">
      <Filter>Quelldateien\Learning</Filter>
    </ClCompile>
    <ClCompile Include="Function\AbstractNeighborhoodFunction.cpp">
      <Filter>Quelldateien\Function</Filter>
    </ClCompile>
    <ClCompile Include="Function\CylinderFunction.cpp">
      <Filter>Quelldateien\Function</Filter>
    </ClCompile>
    <ClCompile Include="Function\AbstractShrinkFunction.cpp">
      <Filter>Quelldateien\Function</Filter>
    </ClCompile>
    <ClCompile Include="Function\ExponentialShrinkFunction.cpp">
      <Filter>Quelldateien\Function</Filter>
    </ClCompile>
    <ClCompile Include="Function\ConeFunction.cpp">
      <Filter>Quelldateien\Function</Filter>
    </ClCompile>
    <ClCompile Include="Function\CosinusFunction.cpp">
      <Filter>Quelldateien\Function</Filter>
    </ClCompile>
  </ItemGroup>
</Project>