<?xml version="1.0" encoding="utf-8"?>
<Project ToolsVersion="4.0" xmlns="http://schemas.microsoft.com/developer/msbuild/2003">
  <ItemGroup>
    <Filter Include="Quelldateien">
      <UniqueIdentifier>{4FC737F1-C7A5-4376-A066-2A32D752A2FF}</UniqueIdentifier>
      <Extensions>cpp;c;cc;cxx;def;odl;idl;hpj;bat;asm;asmx</Extensions>
    </Filter>
    <Filter Include="Headerdateien">
      <UniqueIdentifier>{93995380-89BD-4b04-88EB-625FBE52EBFB}</UniqueIdentifier>
      <Extensions>h;hh;hpp;hxx;hm;inl;inc;xsd</Extensions>
    </Filter>
    <Filter Include="Ressourcendateien">
      <UniqueIdentifier>{67DA6AB6-F800-4c08-8B7A-83BB121AAD01}</UniqueIdentifier>
      <Extensions>rc;ico;cur;bmp;dlg;rc2;rct;bin;rgs;gif;jpg;jpeg;jpe;resx;tiff;tif;png;wav;mfcribbon-ms</Extensions>
    </Filter>
  </ItemGroup>
  <ItemGroup>
    <ClCompile Include="main.cpp">
      <Filter>Quelldateien</Filter>
    </ClCompile>
    <ClCompile Include="Examples\NetworkEvolution\Network.cpp">
      <Filter>Quelldateien</Filter>
    </ClCompile>
    <ClCompile Include="Examples\NetworkEvolution\NetworkEvolutionExample.cpp">
      <Filter>Quelldateien</Filter>
    </ClCompile>
    <ClCompile Include="Examples\NetworkEvolution\NetworkSimulator.cpp">
      <Filter>Quelldateien</Filter>
    </ClCompile>
    <ClCompile Include="Examples\TicTacToeEvolution\TicTacToe.cpp">
      <Filter>Quelldateien</Filter>
    </ClCompile>
    <ClCompile Include="Examples\TicTacToeEvolution\TicTacToeEvolutionExample.cpp">
      <Filter>Quelldateien</Filter>
    </ClCompile>
    <ClCompile Include="Examples\TicTacToeEvolution\TicTacToeGameController.cpp">
      <Filter>Quelldateien</Filter>
    </ClCompile>
    <ClCompile Include="Examples\TicTacToeEvolution\TicTacToeGameFactory.cpp">
      <Filter>Quelldateien</Filter>
    </ClCompile>
    <ClCompile Include="Examples\TicTacToeEvolution\TicTacToeGameWindow.cpp">
      <Filter>Quelldateien</Filter>
    </ClCompile>
    <ClCompile Include="Examples\PongEvolution\Pong.cpp">
      <Filter>Quelldateien</Filter>
    </ClCompile>
    <ClCompile Include="Examples\PongEvolution\PongAI.cpp">
      <Filter>Quelldateien</Filter>
    </ClCompile>
    <ClCompile Include="Examples\PongEvolution\PongEvolutionExample.cpp">
      <Filter>Quelldateien</Filter>
    </ClCompile>
    <ClCompile Include="Examples\PongEvolution\PongGameController.cpp">
      <Filter>Quelldateien</Filter>
    </ClCompile>
    <ClCompile Include="Examples\PongEvolution\PongGameFactory.cpp">
      <Filter>Quelldateien</Filter>
    </ClCompile>
    <ClCompile Include="Examples\PongEvolution\PongGameWindow.cpp">
      <Filter>Quelldateien</Filter>
    </ClCompile>
    <ClCompile Include="Examples\PongEvolution\PongGame.cpp">
      <Filter>Quelldateien</Filter>
    </ClCompile>
    <ClCompile Include="Examples\PongReinforcement\PongDQNExample.cpp">
      <Filter>Quelldateien</Filter>
    </ClCompile>
    <ClCompile Include="Examples\PongReinforcement\PongPolicyGradientExample.cpp">
      <Filter>Quelldateien</Filter>
    </ClCompile>
    <ClCompile Include="Examples\BackpropagationXor\BackpropagationXorExample.cpp">
      <Filter>Quelldateien</Filter>
    </ClCompile>
    <ClCompile Include="Examples\FunctionEvolution\FunctionEvolutionExample.cpp">
      <Filter>Quelldateien</Filter>
    </ClCompile>
    <ClCompile Include="Examples\FunctionEvolution\FunctionSimulator.cpp">
      <Filter>Quelldateien</Filter>
    </ClCompile>
    <ClCompile Include="Examples\FunctionEvolution\Position.cpp">
      <Filter>Quelldateien</Filter>
    </ClCompile>
    <ClCompile Include="Examples\TeachedEvolution\TeachedEvolutionExample.cpp">
      <Filter>Quelldateien</Filter>
    </ClCompile>
    <ClCompile Include="Examples\TicTacToeEvolution\TicTacToeAI.cpp">
      <Filter>Quelldateien</Filter>
    </ClCompile>
    <ClCompile Include="Examples\PongEvolution\AbstractPongEnvironment.cpp">
      <Filter>Quelldateien</Filter>
    </ClCompile>
    <ClCompile Include="Examples\PongReinforcement\PongReinforcementEnvironment.cpp">
      <Filter>Quelldateien</Filter>
    </ClCompile>
    <ClCompile Include="Performance\ViennaCLTests.cpp">
      <Filter>Quelldateien</Filter>
    </ClCompile>
    <ClCompile Include="LightBulbExamplePrec.cpp">
      <Filter>Quelldateien</Filter>
    </ClCompile>
    <ClCompile Include="IO\NetworkIO.cpp">
      <Filter>Quelldateien</Filter>
    </ClCompile>
    <ClCompile Include="IO\NetworkSimulatorIO.cpp">
      <Filter>Quelldateien</Filter>
    </ClCompile>
    <ClCompile Include="IO\PongGameIO.cpp">
      <Filter>Quelldateien</Filter>
    </ClCompile>
    <ClCompile Include="IO\PongReinforcementEnvironmentIO.cpp">
      <Filter>Quelldateien</Filter>
    </ClCompile>
    <ClCompile Include="IO\PositionIO.cpp">
      <Filter>Quelldateien</Filter>
    </ClCompile>
    <ClCompile Include="Examples\PongReinforcement\PongReinforcementIndividual.cpp">
      <Filter>Quelldateien</Filter>
    </ClCompile>
  </ItemGroup>
  <ItemGroup>
    <ClInclude Include="Examples\NetworkEvolution\Network.hpp">
      <Filter>Headerdateien</Filter>
    </ClInclude>
    <ClInclude Include="Examples\NetworkEvolution\NetworkEvolutionExample.hpp">
      <Filter>Headerdateien</Filter>
    </ClInclude>
    <ClInclude Include="Examples\NetworkEvolution\NetworkSimulator.hpp">
      <Filter>Headerdateien</Filter>
    </ClInclude>
    <ClInclude Include="Examples\TicTacToeEvolution\TicTacToe.hpp">
      <Filter>Headerdateien</Filter>
    </ClInclude>
    <ClInclude Include="Examples\TicTacToeEvolution\TicTacToeEvolutionExample.hpp">
      <Filter>Headerdateien</Filter>
    </ClInclude>
    <ClInclude Include="Examples\TicTacToeEvolution\TicTacToeGameController.hpp">
      <Filter>Headerdateien</Filter>
    </ClInclude>
    <ClInclude Include="Examples\TicTacToeEvolution\TicTacToeGameFactory.hpp">
      <Filter>Headerdateien</Filter>
    </ClInclude>
    <ClInclude Include="Examples\TicTacToeEvolution\TicTacToeGameWindow.hpp">
      <Filter>Headerdateien</Filter>
    </ClInclude>
    <ClInclude Include="IO\NetworkSimulatorIO.hpp">
      <Filter>Headerdateien</Filter>
    </ClInclude>
    <ClInclude Include="IO\NetworkIO.hpp">
      <Filter>Headerdateien</Filter>
    </ClInclude>
    <ClInclude Include="IO\PositionIO.hpp">
      <Filter>Headerdateien</Filter>
    </ClInclude>
    <ClInclude Include="Examples\PongEvolution\Pong.hpp">
      <Filter>Headerdateien</Filter>
    </ClInclude>
    <ClInclude Include="Examples\PongEvolution\PongAI.hpp">
      <Filter>Headerdateien</Filter>
    </ClInclude>
    <ClInclude Include="Examples\PongEvolution\PongEvolutionExample.hpp">
      <Filter>Headerdateien</Filter>
    </ClInclude>
    <ClInclude Include="Examples\PongEvolution\PongGameController.hpp">
      <Filter>Headerdateien</Filter>
    </ClInclude>
    <ClInclude Include="Examples\PongEvolution\PongGameFactory.hpp">
      <Filter>Headerdateien</Filter>
    </ClInclude>
    <ClInclude Include="Examples\PongEvolution\PongGameWindow.hpp">
      <Filter>Headerdateien</Filter>
    </ClInclude>
    <ClInclude Include="Examples\PongEvolution\PongGame.hpp">
      <Filter>Headerdateien</Filter>
    </ClInclude>
    <ClInclude Include="Examples\PongReinforcement\PongDQNExample.hpp">
      <Filter>Headerdateien</Filter>
    </ClInclude>
    <ClInclude Include="IO\PongGameIO.hpp">
      <Filter>Headerdateien</Filter>
    </ClInclude>
    <ClInclude Include="Examples\PongReinforcement\PongPolicyGradientExample.hpp">
      <Filter>Headerdateien</Filter>
    </ClInclude>
    <ClInclude Include="Examples\BackpropagationXor\BackpropagationXorExample.hpp">
      <Filter>Headerdateien</Filter>
    </ClInclude>
    <ClInclude Include="Examples\FunctionEvolution\Position.hpp">
      <Filter>Headerdateien</Filter>
    </ClInclude>
    <ClInclude Include="Examples\FunctionEvolution\FunctionEvolutionExample.hpp">
      <Filter>Headerdateien</Filter>
    </ClInclude>
    <ClInclude Include="Examples\FunctionEvolution\FunctionSimulator.hpp">
      <Filter>Headerdateien</Filter>
    </ClInclude>
    <ClInclude Include="Examples\TeachedEvolution\TeachedEvolutionExample.hpp">
      <Filter>Headerdateien</Filter>
    </ClInclude>
    <ClInclude Include="Examples\TicTacToeEvolution\TicTacToeAI.hpp">
      <Filter>Headerdateien</Filter>
    </ClInclude>
    <ClInclude Include="Examples\PongEvolution\AbstractPongEnvironment.hpp">
      <Filter>Headerdateien</Filter>
    </ClInclude>
    <ClInclude Include="Examples\PongReinforcement\PongReinforcementEnvironment.hpp">
      <Filter>Headerdateien</Filter>
    </ClInclude>
    <ClInclude Include="IO\PongReinforcementEnvironmentIO.hpp">
      <Filter>Headerdateien</Filter>
    </ClInclude>
    <ClInclude Include="Performance\ViennaCLTests.hpp">
      <Filter>Headerdateien</Filter>
    </ClInclude>
    <ClInclude Include="LightBulbExamplePrec.hpp">
      <Filter>Headerdateien</Filter>
    </ClInclude>
    <ClInclude Include="Examples\PongReinforcement\PongReinforcementIndividual.hpp">
      <Filter>Headerdateien</Filter>
    </ClInclude>
  </ItemGroup>
  <ItemGroup>
    <None Include="Performance\test.cl" />
  </ItemGroup>
</Project>