<?xml version="1.0" encoding="utf-8"?>
<Project ToolsVersion="4.0" xmlns="http://schemas.microsoft.com/developer/msbuild/2003">
  <ItemGroup>
    <Filter Include="Quelldateien">
      <UniqueIdentifier>{4FC737F1-C7A5-4376-A066-2A32D752A2FF}</UniqueIdentifier>
      <Extensions>cpp;c;cc;cxx;def;odl;idl;hpj;bat;asm;asmx</Extensions>
    </Filter>
    <Filter Include="Headerdateien">
      <UniqueIdentifier>{93995380-89BD-4b04-88EB-625FBE52EBFB}</UniqueIdentifier>
      <Extensions>h;hh;hpp;hxx;hm;inl;inc;xsd</Extensions>
    </Filter>
    <Filter Include="Ressourcendateien">
      <UniqueIdentifier>{67DA6AB6-F800-4c08-8B7A-83BB121AAD01}</UniqueIdentifier>
      <Extensions>rc;ico;cur;bmp;dlg;rc2;rct;bin;rgs;gif;jpg;jpeg;jpe;resx;tiff;tif;png;wav;mfcribbon-ms</Extensions>
    </Filter>
  </ItemGroup>
  <ItemGroup>
    <ClCompile Include="main.cpp">
      <Filter>Quelldateien</Filter>
    </ClCompile>
    <ClCompile Include="Examples\NetworkEvolution\Network.cpp">
      <Filter>Quelldateien</Filter>
    </ClCompile>
    <ClCompile Include="Examples\NetworkEvolution\NetworkEvolutionExample.cpp">
      <Filter>Quelldateien</Filter>
    </ClCompile>
    <ClCompile Include="Examples\NetworkEvolution\NetworkSimulator.cpp">
      <Filter>Quelldateien</Filter>
    </ClCompile>
    <ClCompile Include="Examples\TicTacToeEvolution\TicTacToe.cpp">
      <Filter>Quelldateien</Filter>
    </ClCompile>
    <ClCompile Include="Examples\TicTacToeEvolution\TicTacToeEvolutionExample.cpp">
      <Filter>Quelldateien</Filter>
    </ClCompile>
    <ClCompile Include="Examples\TicTacToeEvolution\TicTacToeGameController.cpp">
      <Filter>Quelldateien</Filter>
    </ClCompile>
    <ClCompile Include="Examples\TicTacToeEvolution\TicTacToeGameFactory.cpp">
      <Filter>Quelldateien</Filter>
    </ClCompile>
    <ClCompile Include="Examples\TicTacToeEvolution\TicTacToeGameWindow.cpp">
      <Filter>Quelldateien</Filter>
    </ClCompile>
    <ClCompile Include="Examples\TicTacToeEvolution\TicTacToeKI.cpp">
      <Filter>Quelldateien</Filter>
    </ClCompile>
    <ClCompile Include="Examples\BackpropagationXorExample.cpp">
      <Filter>Quelldateien</Filter>
    </ClCompile>
    <ClCompile Include="Examples\FunctionEvolutionExample.cpp">
      <Filter>Quelldateien</Filter>
    </ClCompile>
    <ClCompile Include="Examples\RBFNetworkBiggerExample.cpp">
      <Filter>Quelldateien</Filter>
    </ClCompile>
    <ClCompile Include="Examples\TeachedEvolutionExample.cpp">
      <Filter>Quelldateien</Filter>
    </ClCompile>
    <ClCompile Include="Examples\TCProblemEvolutionExample.cpp">
      <Filter>Quelldateien</Filter>
    </ClCompile>
    <ClCompile Include="Examples\TCProblemBackpropagationExample.cpp">
      <Filter>Quelldateien</Filter>
    </ClCompile>
    <ClCompile Include="Examples\TCProblemTeacher.cpp">
      <Filter>Quelldateien</Filter>
    </ClCompile>
    <ClCompile Include="Examples\Position.cpp">
      <Filter>Quelldateien</Filter>
    </ClCompile>
    <ClCompile Include="Examples\FunctionSimulator.cpp">
      <Filter>Quelldateien</Filter>
    </ClCompile>
    <ClCompile Include="Examples\PongEvolution\Pong.cpp">
      <Filter>Quelldateien</Filter>
    </ClCompile>
    <ClCompile Include="Examples\PongEvolution\PongAI.cpp">
      <Filter>Quelldateien</Filter>
    </ClCompile>
    <ClCompile Include="Examples\PongEvolution\PongEvolutionExample.cpp">
      <Filter>Quelldateien</Filter>
    </ClCompile>
    <ClCompile Include="Examples\PongEvolution\PongGameController.cpp">
      <Filter>Quelldateien</Filter>
    </ClCompile>
    <ClCompile Include="Examples\PongEvolution\PongGameFactory.cpp">
      <Filter>Quelldateien</Filter>
    </ClCompile>
    <ClCompile Include="Examples\PongEvolution\PongGameWindow.cpp">
      <Filter>Quelldateien</Filter>
    </ClCompile>
    <ClCompile Include="Examples\PongEvolution\PongGame.cpp">
      <Filter>Quelldateien</Filter>
    </ClCompile>
    <ClCompile Include="Examples\PongReinforcement\PongReinforcementWorld.cpp">
      <Filter>Quelldateien</Filter>
    </ClCompile>
    <ClCompile Include="Examples\PongEvolution\AbstractPongWorld.cpp">
      <Filter>Quelldateien</Filter>
    </ClCompile>
    <ClCompile Include="Examples\SimpleReinforcement\SimpleReinforcementExample.cpp">
      <Filter>Quelldateien</Filter>
    </ClCompile>
    <ClCompile Include="Examples\SimpleReinforcement\SimpleReinforcementWorld.cpp">
      <Filter>Quelldateien</Filter>
    </ClCompile>
    <ClCompile Include="Examples\PongReinforcement\PongDQNExample.cpp">
      <Filter>Quelldateien</Filter>
    </ClCompile>
    <ClCompile Include="Examples\SimpleReinforcement\SimpleReinforcementDQNExample.cpp">
      <Filter>Quelldateien</Filter>
    </ClCompile>
    <ClCompile Include="Examples\MountainCar\MountainCarDQNExample.cpp">
      <Filter>Quelldateien</Filter>
    </ClCompile>
    <ClCompile Include="Examples\MountainCar\MountainCarWorld.cpp">
      <Filter>Quelldateien</Filter>
    </ClCompile>
    <ClCompile Include="Examples\MountainCar\MountainCarFactory.cpp">
      <Filter>Quelldateien</Filter>
    </ClCompile>
    <ClCompile Include="Examples\MountainCar\MountainCarWindow.cpp">
      <Filter>Quelldateien</Filter>
    </ClCompile>
    <ClCompile Include="Examples\MountainCar\MountainCarController.cpp">
      <Filter>Quelldateien</Filter>
    </ClCompile>
    <ClCompile Include="Examples\Nature\AbstractTile.cpp">
      <Filter>Quelldateien</Filter>
    </ClCompile>
    <ClCompile Include="Examples\Nature\Animal.cpp">
      <Filter>Quelldateien</Filter>
    </ClCompile>
    <ClCompile Include="Examples\Nature\EarthTile.cpp">
      <Filter>Quelldateien</Filter>
    </ClCompile>
    <ClCompile Include="Examples\Nature\Nature.cpp">
      <Filter>Quelldateien</Filter>
    </ClCompile>
    <ClCompile Include="Examples\Nature\RockTile.cpp">
      <Filter>Quelldateien</Filter>
    </ClCompile>
    <ClCompile Include="Examples\Nature\NatureExample.cpp">
      <Filter>Quelldateien</Filter>
    </ClCompile>
    <ClCompile Include="Examples\Nature\NatureController.cpp">
      <Filter>Quelldateien</Filter>
    </ClCompile>
    <ClCompile Include="Examples\Nature\NatureFactory.cpp">
      <Filter>Quelldateien</Filter>
    </ClCompile>
    <ClCompile Include="Examples\Nature\NatureWindow.cpp">
      <Filter>Quelldateien</Filter>
    </ClCompile>
    <ClCompile Include="Examples\PongReinforcement\PongPolicyGradientExample.cpp">
      <Filter>Quelldateien</Filter>
    </ClCompile>
  </ItemGroup>
  <ItemGroup>
    <ClInclude Include="Examples\NetworkEvolution\Network.hpp">
      <Filter>Headerdateien</Filter>
    </ClInclude>
    <ClInclude Include="Examples\NetworkEvolution\NetworkEvolutionExample.hpp">
      <Filter>Headerdateien</Filter>
    </ClInclude>
    <ClInclude Include="Examples\NetworkEvolution\NetworkSimulator.hpp">
      <Filter>Headerdateien</Filter>
    </ClInclude>
    <ClInclude Include="Examples\TicTacToeEvolution\TicTacToe.hpp">
      <Filter>Headerdateien</Filter>
    </ClInclude>
    <ClInclude Include="Examples\TicTacToeEvolution\TicTacToeEvolutionExample.hpp">
      <Filter>Headerdateien</Filter>
    </ClInclude>
    <ClInclude Include="Examples\TicTacToeEvolution\TicTacToeGameController.hpp">
      <Filter>Headerdateien</Filter>
    </ClInclude>
    <ClInclude Include="Examples\TicTacToeEvolution\TicTacToeGameFactory.hpp">
      <Filter>Headerdateien</Filter>
    </ClInclude>
    <ClInclude Include="Examples\TicTacToeEvolution\TicTacToeGameWindow.hpp">
      <Filter>Headerdateien</Filter>
    </ClInclude>
    <ClInclude Include="Examples\TicTacToeEvolution\TicTacToeKI.hpp">
      <Filter>Headerdateien</Filter>
    </ClInclude>
    <ClInclude Include="Examples\BackpropagationXorExample.hpp">
      <Filter>Headerdateien</Filter>
    </ClInclude>
    <ClInclude Include="Examples\FunctionEvolutionExample.hpp">
      <Filter>Headerdateien</Filter>
    </ClInclude>
    <ClInclude Include="Examples\RBFNetworkBiggerExample.hpp">
      <Filter>Headerdateien</Filter>
    </ClInclude>
    <ClInclude Include="Examples\TeachedEvolutionExample.hpp">
      <Filter>Headerdateien</Filter>
    </ClInclude>
    <ClInclude Include="Examples\TCProblemEvolutionExample.hpp">
      <Filter>Headerdateien</Filter>
    </ClInclude>
    <ClInclude Include="Examples\TCProblemBackpropagationExample.hpp">
      <Filter>Headerdateien</Filter>
    </ClInclude>
    <ClInclude Include="Examples\TCProblemTeacher.hpp">
      <Filter>Headerdateien</Filter>
    </ClInclude>
    <ClInclude Include="IO\NetworkSimulatorIO.hpp">
      <Filter>Headerdateien</Filter>
    </ClInclude>
    <ClInclude Include="IO\NetworkIO.hpp">
      <Filter>Headerdateien</Filter>
    </ClInclude>
    <ClInclude Include="Examples\Position.hpp">
      <Filter>Headerdateien</Filter>
    </ClInclude>
    <ClInclude Include="Examples\FunctionSimulator.hpp">
      <Filter>Headerdateien</Filter>
    </ClInclude>
    <ClInclude Include="IO\PositionIO.hpp">
      <Filter>Headerdateien</Filter>
    </ClInclude>
    <ClInclude Include="Examples\PongEvolution\Pong.hpp">
      <Filter>Headerdateien</Filter>
    </ClInclude>
    <ClInclude Include="Examples\PongEvolution\PongAI.hpp">
      <Filter>Headerdateien</Filter>
    </ClInclude>
    <ClInclude Include="Examples\PongEvolution\PongEvolutionExample.hpp">
      <Filter>Headerdateien</Filter>
    </ClInclude>
    <ClInclude Include="Examples\PongEvolution\PongGameController.hpp">
      <Filter>Headerdateien</Filter>
    </ClInclude>
    <ClInclude Include="Examples\PongEvolution\PongGameFactory.hpp">
      <Filter>Headerdateien</Filter>
    </ClInclude>
    <ClInclude Include="Examples\PongEvolution\PongGameWindow.hpp">
      <Filter>Headerdateien</Filter>
    </ClInclude>
    <ClInclude Include="Examples\PongEvolution\PongGame.hpp">
      <Filter>Headerdateien</Filter>
    </ClInclude>
    <ClInclude Include="Examples\PongReinforcement\PongReinforcementWorld.hpp">
      <Filter>Headerdateien</Filter>
    </ClInclude>
    <ClInclude Include="Examples\PongEvolution\AbstractPongWorld.hpp">
      <Filter>Headerdateien</Filter>
    </ClInclude>
    <ClInclude Include="Examples\SimpleReinforcement\SimpleReinforcementExample.hpp">
      <Filter>Headerdateien</Filter>
    </ClInclude>
    <ClInclude Include="Examples\SimpleReinforcement\SimpleReinforcementWorld.hpp">
      <Filter>Headerdateien</Filter>
    </ClInclude>
    <ClInclude Include="Examples\PongReinforcement\PongDQNExample.hpp">
      <Filter>Headerdateien</Filter>
    </ClInclude>
    <ClInclude Include="Examples\SimpleReinforcement\SimpleReinforcementDQNExample.hpp">
      <Filter>Headerdateien</Filter>
    </ClInclude>
    <ClInclude Include="Examples\MountainCar\MountainCarDQNExample.hpp">
      <Filter>Headerdateien</Filter>
    </ClInclude>
    <ClInclude Include="Examples\MountainCar\MountainCarWorld.hpp">
      <Filter>Headerdateien</Filter>
    </ClInclude>
    <ClInclude Include="Examples\MountainCar\MountainCarController.hpp">
      <Filter>Headerdateien</Filter>
    </ClInclude>
    <ClInclude Include="Examples\MountainCar\MountainCarFactory.hpp">
      <Filter>Headerdateien</Filter>
    </ClInclude>
    <ClInclude Include="Examples\MountainCar\MountainCarWindow.hpp">
      <Filter>Headerdateien</Filter>
    </ClInclude>
    <ClInclude Include="IO\PongReinforcementWorldIO.hpp">
      <Filter>Headerdateien</Filter>
    </ClInclude>
    <ClInclude Include="IO\PongGameIO.hpp">
      <Filter>Headerdateien</Filter>
    </ClInclude>
    <ClInclude Include="Examples\Nature\AbstractTile.hpp">
      <Filter>Headerdateien</Filter>
    </ClInclude>
    <ClInclude Include="Examples\Nature\Animal.hpp">
      <Filter>Headerdateien</Filter>
    </ClInclude>
    <ClInclude Include="Examples\Nature\EarthTile.hpp">
      <Filter>Headerdateien</Filter>
    </ClInclude>
    <ClInclude Include="Examples\Nature\Nature.hpp">
      <Filter>Headerdateien</Filter>
    </ClInclude>
    <ClInclude Include="Examples\Nature\RockTile.hpp">
      <Filter>Headerdateien</Filter>
    </ClInclude>
    <ClInclude Include="Examples\Nature\NatureExample.hpp">
      <Filter>Headerdateien</Filter>
    </ClInclude>
    <ClInclude Include="Examples\Nature\NatureController.hpp">
      <Filter>Headerdateien</Filter>
    </ClInclude>
    <ClInclude Include="Examples\Nature\NatureFactory.hpp">
      <Filter>Headerdateien</Filter>
    </ClInclude>
    <ClInclude Include="Examples\Nature\NatureWindow.hpp">
      <Filter>Headerdateien</Filter>
    </ClInclude>
    <ClInclude Include="Examples\PongReinforcement\PongPolicyGradientExample.hpp">
      <Filter>Headerdateien</Filter>
    </ClInclude>
  </ItemGroup>
</Project>