<?xml version="1.0" encoding="utf-8"?>
<Project ToolsVersion="4.0" xmlns="http://schemas.microsoft.com/developer/msbuild/2003">
  <ItemGroup>
    <Filter Include="Quelldateien">
      <UniqueIdentifier>{4FC737F1-C7A5-4376-A066-2A32D752A2FF}</UniqueIdentifier>
      <Extensions>cpp;c;cc;cxx;def;odl;idl;hpj;bat;asm;asmx</Extensions>
    </Filter>
    <Filter Include="Headerdateien">
      <UniqueIdentifier>{93995380-89BD-4b04-88EB-625FBE52EBFB}</UniqueIdentifier>
      <Extensions>h;hh;hpp;hxx;hm;inl;inc;xsd</Extensions>
    </Filter>
    <Filter Include="Ressourcendateien">
      <UniqueIdentifier>{67DA6AB6-F800-4c08-8B7A-83BB121AAD01}</UniqueIdentifier>
      <Extensions>rc;ico;cur;bmp;dlg;rc2;rct;bin;rgs;gif;jpg;jpeg;jpe;resx;tiff;tif;png;wav;mfcribbon-ms</Extensions>
    </Filter>
  </ItemGroup>
  <ItemGroup>
    <ClCompile Include="main.cpp">
      <Filter>Quelldateien</Filter>
    </ClCompile>
    <ClCompile Include="Examples\NetworkEvolution\Network.cpp">
      <Filter>Quelldateien</Filter>
    </ClCompile>
    <ClCompile Include="Examples\NetworkEvolution\NetworkEvolutionExample.cpp">
      <Filter>Quelldateien</Filter>
    </ClCompile>
    <ClCompile Include="Examples\NetworkEvolution\NetworkSimulator.cpp">
      <Filter>Quelldateien</Filter>
    </ClCompile>
    <ClCompile Include="Examples\TicTacToeEvolution\TicTacToe.cpp">
      <Filter>Quelldateien</Filter>
    </ClCompile>
    <ClCompile Include="Examples\TicTacToeEvolution\TicTacToeEvolutionExample.cpp">
      <Filter>Quelldateien</Filter>
    </ClCompile>
    <ClCompile Include="Examples\TicTacToeEvolution\TicTacToeGameController.cpp">
      <Filter>Quelldateien</Filter>
    </ClCompile>
    <ClCompile Include="Examples\TicTacToeEvolution\TicTacToeGameFactory.cpp">
      <Filter>Quelldateien</Filter>
    </ClCompile>
    <ClCompile Include="Examples\TicTacToeEvolution\TicTacToeGameWindow.cpp">
      <Filter>Quelldateien</Filter>
    </ClCompile>
    <ClCompile Include="Examples\TicTacToeEvolution\TicTacToeKI.cpp">
      <Filter>Quelldateien</Filter>
    </ClCompile>
    <ClCompile Include="Examples\BackpropagationXorExample.cpp">
      <Filter>Quelldateien</Filter>
    </ClCompile>
    <ClCompile Include="Examples\FunctionEvolutionExample.cpp">
      <Filter>Quelldateien</Filter>
    </ClCompile>
    <ClCompile Include="Examples\NatureEvolutionExample.cpp">
      <Filter>Quelldateien</Filter>
    </ClCompile>
    <ClCompile Include="Examples\RBFNetworkBiggerExample.cpp">
      <Filter>Quelldateien</Filter>
    </ClCompile>
    <ClCompile Include="Examples\TeachedEvolutionExample.cpp">
      <Filter>Quelldateien</Filter>
    </ClCompile>
  </ItemGroup>
  <ItemGroup>
    <ClInclude Include="Examples\NetworkEvolution\Network.hpp">
      <Filter>Headerdateien</Filter>
    </ClInclude>
    <ClInclude Include="Examples\NetworkEvolution\NetworkEvolutionExample.hpp">
      <Filter>Headerdateien</Filter>
    </ClInclude>
    <ClInclude Include="Examples\NetworkEvolution\NetworkSimulator.hpp">
      <Filter>Headerdateien</Filter>
    </ClInclude>
    <ClInclude Include="Examples\TicTacToeEvolution\TicTacToe.hpp">
      <Filter>Headerdateien</Filter>
    </ClInclude>
    <ClInclude Include="Examples\TicTacToeEvolution\TicTacToeEvolutionExample.hpp">
      <Filter>Headerdateien</Filter>
    </ClInclude>
    <ClInclude Include="Examples\TicTacToeEvolution\TicTacToeGameController.hpp">
      <Filter>Headerdateien</Filter>
    </ClInclude>
    <ClInclude Include="Examples\TicTacToeEvolution\TicTacToeGameFactory.hpp">
      <Filter>Headerdateien</Filter>
    </ClInclude>
    <ClInclude Include="Examples\TicTacToeEvolution\TicTacToeGameWindow.hpp">
      <Filter>Headerdateien</Filter>
    </ClInclude>
    <ClInclude Include="Examples\TicTacToeEvolution\TicTacToeKI.hpp">
      <Filter>Headerdateien</Filter>
    </ClInclude>
    <ClInclude Include="Examples\BackpropagationXorExample.hpp">
      <Filter>Headerdateien</Filter>
    </ClInclude>
    <ClInclude Include="Examples\FunctionEvolutionExample.hpp">
      <Filter>Headerdateien</Filter>
    </ClInclude>
    <ClInclude Include="Examples\NatureEvolutionExample.hpp">
      <Filter>Headerdateien</Filter>
    </ClInclude>
    <ClInclude Include="Examples\RBFNetworkBiggerExample.hpp">
      <Filter>Headerdateien</Filter>
    </ClInclude>
    <ClInclude Include="Examples\TeachedEvolutionExample.hpp">
      <Filter>Headerdateien</Filter>
    </ClInclude>
  </ItemGroup>
</Project>