<?xml version="1.0" encoding="utf-8"?>
<Project ToolsVersion="4.0" xmlns="http://schemas.microsoft.com/developer/msbuild/2003">
  <ItemGroup>
    <Filter Include="Quelldateien">
      <UniqueIdentifier>{4FC737F1-C7A5-4376-A066-2A32D752A2FF}</UniqueIdentifier>
      <Extensions>cpp;c;cc;cxx;def;odl;idl;hpj;bat;asm;asmx</Extensions>
    </Filter>
    <Filter Include="Headerdateien">
      <UniqueIdentifier>{93995380-89BD-4b04-88EB-625FBE52EBFB}</UniqueIdentifier>
      <Extensions>h;hpp;hxx;hm;inl;inc;xsd</Extensions>
    </Filter>
    <Filter Include="Ressourcendateien">
      <UniqueIdentifier>{67DA6AB6-F800-4c08-8B7A-83BB121AAD01}</UniqueIdentifier>
      <Extensions>rc;ico;cur;bmp;dlg;rc2;rct;bin;rgs;gif;jpg;jpeg;jpe;resx;tiff;tif;png;wav;mfcribbon-ms</Extensions>
    </Filter>
    <Filter Include="Headerdateien\ActivationOrder">
      <UniqueIdentifier>{c371cb1f-7969-4486-84ae-39d29d8ead5d}</UniqueIdentifier>
    </Filter>
    <Filter Include="Headerdateien\NetworkTopology">
      <UniqueIdentifier>{54470349-f2cd-450a-b0e2-8f48c7690fb6}</UniqueIdentifier>
    </Filter>
    <Filter Include="Headerdateien\Neuron">
      <UniqueIdentifier>{ff89ba63-a219-4cef-a96f-b63397b80bf3}</UniqueIdentifier>
    </Filter>
    <Filter Include="Headerdateien\Function">
      <UniqueIdentifier>{56f3d7c2-006d-45b6-b899-c7f0908202f5}</UniqueIdentifier>
    </Filter>
  </ItemGroup>
  <ItemGroup>
    <ClCompile Include="main.cpp">
      <Filter>Quelldateien</Filter>
    </ClCompile>
  </ItemGroup>
  <ItemGroup>
    <ClInclude Include="ActivationOrder.hpp">
      <Filter>Headerdateien\ActivationOrder</Filter>
    </ClInclude>
    <ClInclude Include="TopologicalOrder.hpp">
      <Filter>Headerdateien\ActivationOrder</Filter>
    </ClInclude>
    <ClInclude Include="LayeredNetwork.hpp">
      <Filter>Headerdateien\NetworkTopology</Filter>
    </ClInclude>
    <ClInclude Include="NetworkTopology.hpp">
      <Filter>Headerdateien\NetworkTopology</Filter>
    </ClInclude>
    <ClInclude Include="NeuralNetwork.hpp">
      <Filter>Headerdateien</Filter>
    </ClInclude>
    <ClInclude Include="BiasNeuron.hpp">
      <Filter>Headerdateien\Neuron</Filter>
    </ClInclude>
    <ClInclude Include="InputNeuron.hpp">
      <Filter>Headerdateien\Neuron</Filter>
    </ClInclude>
    <ClInclude Include="Neuron.hpp">
      <Filter>Headerdateien\Neuron</Filter>
    </ClInclude>
    <ClInclude Include="StandardNeuron.hpp">
      <Filter>Headerdateien\Neuron</Filter>
    </ClInclude>
    <ClInclude Include="ActivationFunction.hpp">
      <Filter>Headerdateien\Function</Filter>
    </ClInclude>
    <ClInclude Include="InputFunction.hpp">
      <Filter>Headerdateien\Function</Filter>
    </ClInclude>
    <ClInclude Include="OutputFunction.hpp">
      <Filter>Headerdateien\Function</Filter>
    </ClInclude>
    <ClInclude Include="WeightedSumFunction.hpp">
      <Filter>Headerdateien\Function</Filter>
    </ClInclude>
    <ClInclude Include="IdentityFunction.hpp">
      <Filter>Headerdateien\Function</Filter>
    </ClInclude>
    <ClInclude Include="Edge.hpp">
      <Filter>Headerdateien\Neuron</Filter>
    </ClInclude>
  </ItemGroup>
</Project>