<?xml version="1.0" encoding="utf-8"?>
<Project ToolsVersion="4.0" xmlns="http://schemas.microsoft.com/developer/msbuild/2003">
  <ItemGroup>
    <Filter Include="Ressourcendateien">
      <UniqueIdentifier>{67DA6AB6-F800-4c08-8B7A-83BB121AAD01}</UniqueIdentifier>
      <Extensions>rc;ico;cur;bmp;dlg;rc2;rct;bin;rgs;gif;jpg;jpeg;jpe;resx;tiff;tif;png;wav;mfcribbon-ms</Extensions>
    </Filter>
    <Filter Include="Quelldateien">
      <UniqueIdentifier>{93995380-89BD-4b04-88EB-625FBE52EBFB}</UniqueIdentifier>
      <Extensions>h;hpp;hxx;hm;inl;inc;xsd;cpp;c;cc;cxx;def;odl;idl;hpj;bat;asm;asmx</Extensions>
    </Filter>
    <Filter Include="Quelldateien\ActivationOrder">
      <UniqueIdentifier>{c371cb1f-7969-4486-84ae-39d29d8ead5d}</UniqueIdentifier>
    </Filter>
    <Filter Include="Quelldateien\NetworkTopology">
      <UniqueIdentifier>{54470349-f2cd-450a-b0e2-8f48c7690fb6}</UniqueIdentifier>
    </Filter>
    <Filter Include="Quelldateien\Neuron">
      <UniqueIdentifier>{ff89ba63-a219-4cef-a96f-b63397b80bf3}</UniqueIdentifier>
    </Filter>
    <Filter Include="Quelldateien\Function">
      <UniqueIdentifier>{56f3d7c2-006d-45b6-b899-c7f0908202f5}</UniqueIdentifier>
    </Filter>
    <Filter Include="Quelldateien\NeuralNetwork">
      <UniqueIdentifier>{cab1bad9-86a8-4c43-a90f-b407dadd336a}</UniqueIdentifier>
    </Filter>
    <Filter Include="Quelldateien\Learning">
      <UniqueIdentifier>{a7efac7b-7060-4341-bd65-ee417a74389c}</UniqueIdentifier>
    </Filter>
    <Filter Include="Quelldateien\Teaching">
      <UniqueIdentifier>{26cea91d-ef3e-4174-9869-b522f7d3f9ae}</UniqueIdentifier>
    </Filter>
    <Filter Include="Quelldateien\Graphics">
      <UniqueIdentifier>{734068f5-0975-4e7f-b6aa-df7dbf3b849c}</UniqueIdentifier>
    </Filter>
    <Filter Include="Quelldateien\NeuronFactory">
      <UniqueIdentifier>{72294d96-7099-4cc7-bb29-7218ce5a24ce}</UniqueIdentifier>
    </Filter>
    <Filter Include="Quelldateien\ClusterAnalysis">
      <UniqueIdentifier>{4db96599-cd2c-4dce-8bd8-646c9b718330}</UniqueIdentifier>
    </Filter>
  </ItemGroup>
  <ItemGroup>
    <ClInclude Include="LayeredNetwork.hpp">
      <Filter>Quelldateien\NetworkTopology</Filter>
    </ClInclude>
    <ClInclude Include="BiasNeuron.hpp">
      <Filter>Quelldateien\Neuron</Filter>
    </ClInclude>
    <ClInclude Include="InputNeuron.hpp">
      <Filter>Quelldateien\Neuron</Filter>
    </ClInclude>
    <ClInclude Include="StandardNeuron.hpp">
      <Filter>Quelldateien\Neuron</Filter>
    </ClInclude>
    <ClInclude Include="WeightedSumFunction.hpp">
      <Filter>Quelldateien\Function</Filter>
    </ClInclude>
    <ClInclude Include="IdentityFunction.hpp">
      <Filter>Quelldateien\Function</Filter>
    </ClInclude>
    <ClInclude Include="Edge.hpp">
      <Filter>Quelldateien\Neuron</Filter>
    </ClInclude>
    <ClInclude Include="NeuralNetwork.hpp">
      <Filter>Quelldateien\NeuralNetwork</Filter>
    </ClInclude>
    <ClInclude Include="TopologicalOrder.hpp">
      <Filter>Quelldateien\ActivationOrder</Filter>
    </ClInclude>
    <ClInclude Include="SingleLayerPerceptronLearningRule.hpp">
      <Filter>Quelldateien\Learning</Filter>
    </ClInclude>
    <ClInclude Include="Teacher.hpp">
      <Filter>Quelldateien\Teaching</Filter>
    </ClInclude>
    <ClInclude Include="BinaryFunction.hpp">
      <Filter>Quelldateien\Function</Filter>
    </ClInclude>
    <ClInclude Include="DeltaLearningRule.hpp">
      <Filter>Quelldateien\Learning</Filter>
    </ClInclude>
    <ClInclude Include="FermiFunction.hpp">
      <Filter>Quelldateien\Function</Filter>
    </ClInclude>
    <ClInclude Include="AbstractBackpropagationLearningRule.hpp">
      <Filter>Quelldateien\Learning</Filter>
    </ClInclude>
    <ClInclude Include="BackpropagationLearningRule.hpp">
      <Filter>Quelldateien\Learning</Filter>
    </ClInclude>
    <ClInclude Include="NeuralNetworkResultChart.hpp">
      <Filter>Quelldateien\Graphics</Filter>
    </ClInclude>
    <ClInclude Include="GraphicObject.hpp">
      <Filter>Quelldateien\Graphics</Filter>
    </ClInclude>
    <ClInclude Include="HyperbolicTangentFunction.hpp">
      <Filter>Quelldateien\Function</Filter>
    </ClInclude>
    <ClInclude Include="SameFunctionsNeuronFactory.hpp">
      <Filter>Quelldateien\NeuronFactory</Filter>
    </ClInclude>
    <ClInclude Include="DifferentFunctionsNeuronFactory.hpp">
      <Filter>Quelldateien\NeuronFactory</Filter>
    </ClInclude>
    <ClInclude Include="AbstractNeuronFactory.hpp">
      <Filter>Quelldateien\NeuronFactory</Filter>
    </ClInclude>
    <ClInclude Include="AbstractLearningRule.hpp">
      <Filter>Quelldateien\Learning</Filter>
    </ClInclude>
    <ClInclude Include="AbstractNeuron.hpp">
      <Filter>Quelldateien\Neuron</Filter>
    </ClInclude>
    <ClInclude Include="AbstractActivationFunction.hpp">
      <Filter>Quelldateien\Function</Filter>
    </ClInclude>
    <ClInclude Include="AbstractOutputFunction.hpp">
      <Filter>Quelldateien\Function</Filter>
    </ClInclude>
    <ClInclude Include="AbstractInputFunction.hpp">
      <Filter>Quelldateien\Function</Filter>
    </ClInclude>
    <ClInclude Include="AbstractNetworkTopology.hpp">
      <Filter>Quelldateien\NetworkTopology</Filter>
    </ClInclude>
    <ClInclude Include="AbstractActivationOrder.hpp">
      <Filter>Quelldateien\ActivationOrder</Filter>
    </ClInclude>
    <ClInclude Include="AbstractTeachingLesson.hpp">
      <Filter>Quelldateien\Teaching</Filter>
    </ClInclude>
    <ClInclude Include="TeachingLessonBooleanInput.hpp">
      <Filter>Quelldateien\Teaching</Filter>
    </ClInclude>
    <ClInclude Include="TeachingLessonLinearInput.hpp">
      <Filter>Quelldateien\Teaching</Filter>
    </ClInclude>
    <ClInclude Include="RBFNetwork.hpp">
      <Filter>Quelldateien\NetworkTopology</Filter>
    </ClInclude>
    <ClInclude Include="AbstractThreshold.hpp">
      <Filter>Quelldateien\Neuron</Filter>
    </ClInclude>
    <ClInclude Include="StandardThreshold.hpp">
      <Filter>Quelldateien\Neuron</Filter>
    </ClInclude>
    <ClInclude Include="EuclideanDistance.hpp">
      <Filter>Quelldateien\Function</Filter>
    </ClInclude>
    <ClInclude Include="RBFThreshold.hpp">
      <Filter>Quelldateien\Neuron</Filter>
    </ClInclude>
    <ClInclude Include="GaussianRBFFunction.hpp">
      <Filter>Quelldateien\Function</Filter>
    </ClInclude>
    <ClInclude Include="RBFInterpolationLearningRule.hpp">
      <Filter>Quelldateien\Learning</Filter>
    </ClInclude>
    <ClInclude Include="ResilientBackpropagationLearningRule.hpp">
      <Filter>Quelldateien\Learning</Filter>
    </ClInclude>
    <ClInclude Include="ResilientLearningRateHelper.hpp">
      <Filter>Quelldateien\Learning</Filter>
    </ClInclude>
    <ClInclude Include="ResilientDeltaLearningRule.hpp">
      <Filter>Quelldateien\Learning</Filter>
    </ClInclude>
    <ClInclude Include="AbstractDeltaLearningRule.hpp">
      <Filter>Quelldateien\Learning</Filter>
    </ClInclude>
    <ClInclude Include="AbstractRBFNeuronPlacer.hpp">
      <Filter>Quelldateien\ClusterAnalysis</Filter>
    </ClInclude>
    <ClInclude Include="KMeansRBFNeuronPlacer.hpp">
      <Filter>Quelldateien\ClusterAnalysis</Filter>
    </ClInclude>
    <ClInclude Include="KMeansClustering.hpp">
      <Filter>Quelldateien\ClusterAnalysis</Filter>
    </ClInclude>
    <ClInclude Include="KNearestClustering.hpp">
      <Filter>Quelldateien\ClusterAnalysis</Filter>
    </ClInclude>
    <ClInclude Include="KNearestRBFNeuronPlacer.hpp">
      <Filter>Quelldateien\ClusterAnalysis</Filter>
    </ClInclude>
    <ClInclude Include="AbstractClustering.hpp">
      <Filter>Quelldateien\ClusterAnalysis</Filter>
    </ClInclude>
    <ClInclude Include="Point.hpp">
      <Filter>Quelldateien\ClusterAnalysis</Filter>
    </ClInclude>
    <ClInclude Include="RBFNetworkStructureChart.hpp">
      <Filter>Quelldateien\Graphics</Filter>
    </ClInclude>
    <ClInclude Include="AbstractReliableRBFNeuronPlacer.hpp">
      <Filter>Quelldateien\ClusterAnalysis</Filter>
    </ClInclude>
    <ClInclude Include="AbstractNonReliableRBFNeuronPlacer.hpp">
      <Filter>Quelldateien\ClusterAnalysis</Filter>
    </ClInclude>
    <ClInclude Include="AbstractNearestClustering.hpp">
      <Filter>Quelldateien\ClusterAnalysis</Filter>
    </ClInclude>
    <ClInclude Include="ENearestClustering.hpp">
      <Filter>Quelldateien\ClusterAnalysis</Filter>
    </ClInclude>
    <ClInclude Include="ENearestRBFNeuronPlacer.hpp">
      <Filter>Quelldateien\ClusterAnalysis</Filter>
    </ClInclude>
    <ClInclude Include="ROLFClustering.hpp">
      <Filter>Quelldateien\ClusterAnalysis</Filter>
    </ClInclude>
    <ClInclude Include="ROLFNeuronPlacer.hpp">
      <Filter>Quelldateien\ClusterAnalysis</Filter>
    </ClInclude>
    <ClInclude Include="ValuePosition.hpp">
      <Filter>Quelldateien\ClusterAnalysis</Filter>
    </ClInclude>
  </ItemGroup>
  <ItemGroup>
    <ClCompile Include="main.cpp">
      <Filter>Quelldateien\NeuralNetwork</Filter>
    </ClCompile>
    <ClCompile Include="BiasNeuron.cpp">
      <Filter>Quelldateien\Neuron</Filter>
    </ClCompile>
    <ClCompile Include="Edge.cpp">
      <Filter>Quelldateien\Neuron</Filter>
    </ClCompile>
    <ClCompile Include="IdentityFunction.cpp">
      <Filter>Quelldateien\Function</Filter>
    </ClCompile>
    <ClCompile Include="InputNeuron.cpp">
      <Filter>Quelldateien\Neuron</Filter>
    </ClCompile>
    <ClCompile Include="LayeredNetwork.cpp">
      <Filter>Quelldateien\NetworkTopology</Filter>
    </ClCompile>
    <ClCompile Include="NeuralNetwork.cpp">
      <Filter>Quelldateien\NeuralNetwork</Filter>
    </ClCompile>
    <ClCompile Include="StandardNeuron.cpp">
      <Filter>Quelldateien\Neuron</Filter>
    </ClCompile>
    <ClCompile Include="TopologicalOrder.cpp">
      <Filter>Quelldateien\ActivationOrder</Filter>
    </ClCompile>
    <ClCompile Include="WeightedSumFunction.cpp">
      <Filter>Quelldateien\Function</Filter>
    </ClCompile>
    <ClCompile Include="SingleLayerPerceptronLearningRule.cpp">
      <Filter>Quelldateien\Learning</Filter>
    </ClCompile>
    <ClCompile Include="Teacher.cpp">
      <Filter>Quelldateien\Teaching</Filter>
    </ClCompile>
    <ClCompile Include="BinaryFunction.cpp">
      <Filter>Quelldateien\Function</Filter>
    </ClCompile>
    <ClCompile Include="DeltaLearningRule.cpp">
      <Filter>Quelldateien\Learning</Filter>
    </ClCompile>
    <ClCompile Include="FermiFunction.cpp">
      <Filter>Quelldateien\Function</Filter>
    </ClCompile>
    <ClCompile Include="AbstractBackpropagationLearningRule.cpp">
      <Filter>Quelldateien\Learning</Filter>
    </ClCompile>
    <ClCompile Include="BackpropagationLearningRule.cpp">
      <Filter>Quelldateien\Learning</Filter>
    </ClCompile>
    <ClCompile Include="NeuralNetworkResultChart.cpp">
      <Filter>Quelldateien\Graphics</Filter>
    </ClCompile>
    <ClCompile Include="GraphicObject.cpp">
      <Filter>Quelldateien\Graphics</Filter>
    </ClCompile>
    <ClCompile Include="HyperbolicTangentFunction.cpp">
      <Filter>Quelldateien\Function</Filter>
    </ClCompile>
    <ClCompile Include="SameFunctionsNeuronFactory.cpp">
      <Filter>Quelldateien\NeuronFactory</Filter>
    </ClCompile>
    <ClCompile Include="DifferentFunctionsNeuronFactory.cpp">
      <Filter>Quelldateien\NeuronFactory</Filter>
    </ClCompile>
    <ClCompile Include="AbstractNeuronFactory.cpp">
      <Filter>Quelldateien\NeuronFactory</Filter>
    </ClCompile>
    <ClCompile Include="AbstractLearningRule.cpp">
      <Filter>Quelldateien\Learning</Filter>
    </ClCompile>
    <ClCompile Include="AbstractNeuron.cpp">
      <Filter>Quelldateien\Neuron</Filter>
    </ClCompile>
    <ClCompile Include="AbstractActivationFunction.cpp">
      <Filter>Quelldateien\Function</Filter>
    </ClCompile>
    <ClCompile Include="AbstractOutputFunction.cpp">
      <Filter>Quelldateien\Function</Filter>
    </ClCompile>
    <ClCompile Include="AbstractInputFunction.cpp">
      <Filter>Quelldateien\Function</Filter>
    </ClCompile>
    <ClCompile Include="AbstractNetworkTopology.cpp">
      <Filter>Quelldateien\NetworkTopology</Filter>
    </ClCompile>
    <ClCompile Include="AbstractActivationOrder.cpp">
      <Filter>Quelldateien\ActivationOrder</Filter>
    </ClCompile>
    <ClCompile Include="AbstractTeachingLesson.cpp">
      <Filter>Quelldateien\Teaching</Filter>
    </ClCompile>
    <ClCompile Include="TeachingLessonBooleanInput.cpp">
      <Filter>Quelldateien\Teaching</Filter>
    </ClCompile>
    <ClCompile Include="TeachingLessonLinearInput.cpp">
      <Filter>Quelldateien\Teaching</Filter>
    </ClCompile>
    <ClCompile Include="RBFNetwork.cpp">
      <Filter>Quelldateien\NetworkTopology</Filter>
    </ClCompile>
    <ClCompile Include="AbstractThreshold.cpp">
      <Filter>Quelldateien\Neuron</Filter>
    </ClCompile>
    <ClCompile Include="StandardThreshold.cpp">
      <Filter>Quelldateien\Neuron</Filter>
    </ClCompile>
    <ClCompile Include="EuclideanDistance.cpp">
      <Filter>Quelldateien\Function</Filter>
    </ClCompile>
    <ClCompile Include="RBFThreshold.cpp">
      <Filter>Quelldateien\Neuron</Filter>
    </ClCompile>
    <ClCompile Include="GaussianRBFFunction.cpp">
      <Filter>Quelldateien\Function</Filter>
    </ClCompile>
    <ClCompile Include="RBFInterpolationLearningRule.cpp">
      <Filter>Quelldateien\Learning</Filter>
    </ClCompile>
    <ClCompile Include="ResilientBackpropagationLearningRule.cpp">
      <Filter>Quelldateien\Learning</Filter>
    </ClCompile>
    <ClCompile Include="ResilientLearningRateHelper.cpp">
      <Filter>Quelldateien\Learning</Filter>
    </ClCompile>
    <ClCompile Include="ResilientDeltaLearningRule.cpp">
      <Filter>Quelldateien\Learning</Filter>
    </ClCompile>
    <ClCompile Include="AbstractDeltaLearningRule.cpp">
      <Filter>Quelldateien\Learning</Filter>
    </ClCompile>
    <ClCompile Include="AbstractRBFNeuronPlacer.cpp">
      <Filter>Quelldateien\ClusterAnalysis</Filter>
    </ClCompile>
    <ClCompile Include="Cluster.hpp">
      <Filter>Quelldateien\ClusterAnalysis</Filter>
    </ClCompile>
    <ClCompile Include="KMeansRBFNeuronPlacer.cpp">
      <Filter>Quelldateien\ClusterAnalysis</Filter>
    </ClCompile>
    <ClCompile Include="KMeansClustering.cpp">
      <Filter>Quelldateien\ClusterAnalysis</Filter>
    </ClCompile>
    <ClCompile Include="KNearestRBFNeuronPlacer.cpp">
      <Filter>Quelldateien\ClusterAnalysis</Filter>
    </ClCompile>
    <ClCompile Include="KNearestClustering.cpp">
      <Filter>Quelldateien\ClusterAnalysis</Filter>
    </ClCompile>
    <ClCompile Include="AbstractClustering.cpp">
      <Filter>Quelldateien\ClusterAnalysis</Filter>
    </ClCompile>
    <ClCompile Include="RBFNetworkStructureChart.cpp">
      <Filter>Quelldateien\Graphics</Filter>
    </ClCompile>
    <ClCompile Include="AbstractReliableRBFNeuronPlacer.cpp">
      <Filter>Quelldateien\ClusterAnalysis</Filter>
    </ClCompile>
    <ClCompile Include="AbstractNonReliableRBFNeuronPlacer.cpp">
      <Filter>Quelldateien\ClusterAnalysis</Filter>
    </ClCompile>
    <ClCompile Include="AbstractNearestClustering.cpp">
      <Filter>Quelldateien\ClusterAnalysis</Filter>
    </ClCompile>
    <ClCompile Include="ENearestClustering.cpp">
      <Filter>Quelldateien\ClusterAnalysis</Filter>
    </ClCompile>
    <ClCompile Include="ENearestRBFNeuronPlacer.cpp">
      <Filter>Quelldateien\ClusterAnalysis</Filter>
    </ClCompile>
    <ClCompile Include="ROLFClustering.cpp">
      <Filter>Quelldateien\ClusterAnalysis</Filter>
    </ClCompile>
    <ClCompile Include="ROLFNeuronPlacer.cpp">
      <Filter>Quelldateien\ClusterAnalysis</Filter>
    </ClCompile>
  </ItemGroup>
</Project>