<?xml version="1.0" encoding="utf-8"?>
<Project ToolsVersion="4.0" xmlns="http://schemas.microsoft.com/developer/msbuild/2003">
  <ItemGroup>
    <Filter Include="Ressourcendateien">
      <UniqueIdentifier>{67DA6AB6-F800-4c08-8B7A-83BB121AAD01}</UniqueIdentifier>
      <Extensions>rc;ico;cur;bmp;dlg;rc2;rct;bin;rgs;gif;jpg;jpeg;jpe;resx;tiff;tif;png;wav;mfcribbon-ms</Extensions>
    </Filter>
    <Filter Include="Quelldateien">
      <UniqueIdentifier>{1481436c-d90b-4c1d-9df2-dee64ee62729}</UniqueIdentifier>
    </Filter>
    <Filter Include="Quelldateien\ActivationOrder">
      <UniqueIdentifier>{afb9c30f-5d1c-4cd1-875d-acfad2953d5d}</UniqueIdentifier>
    </Filter>
    <Filter Include="Quelldateien\NetworkTopology">
      <UniqueIdentifier>{2915dadf-0222-4dfd-b4d5-12bbe2c06b3d}</UniqueIdentifier>
    </Filter>
    <Filter Include="Quelldateien\Neuron">
      <UniqueIdentifier>{ae20d64e-3a60-4708-94e8-dc2e5a164d32}</UniqueIdentifier>
    </Filter>
    <Filter Include="Quelldateien\Function">
      <UniqueIdentifier>{0cabd701-40be-4650-a1c8-cabd53ee5e93}</UniqueIdentifier>
    </Filter>
    <Filter Include="Quelldateien\NeuralNetwork">
      <UniqueIdentifier>{35d084fd-4401-4e5a-a0e0-8336f6972512}</UniqueIdentifier>
    </Filter>
    <Filter Include="Quelldateien\Learning">
      <UniqueIdentifier>{b0410e88-019f-4cc1-a4f1-f0284ba644d2}</UniqueIdentifier>
    </Filter>
    <Filter Include="Quelldateien\Learning\Evolution">
      <UniqueIdentifier>{01fa9a77-f8cf-4778-ab0e-2236964cabc5}</UniqueIdentifier>
    </Filter>
    <Filter Include="Quelldateien\Learning\Evolution\EvolutionStrategy">
      <UniqueIdentifier>{d856134a-6d06-48d7-bc18-9c214cb6d72d}</UniqueIdentifier>
    </Filter>
    <Filter Include="Quelldateien\Teaching">
      <UniqueIdentifier>{55ed8858-cf7f-426a-b78a-a54160aeae02}</UniqueIdentifier>
    </Filter>
    <Filter Include="Quelldateien\Graphics">
      <UniqueIdentifier>{13ebc50c-8dfa-4649-b20a-d35ac597c1b6}</UniqueIdentifier>
    </Filter>
    <Filter Include="Quelldateien\ClusterAnalysis">
      <UniqueIdentifier>{cd721e0a-929c-4b59-a41a-644f99719a58}</UniqueIdentifier>
    </Filter>
    <Filter Include="Quelldateien\Examples">
      <UniqueIdentifier>{0b280240-5df3-4c89-8443-b8c01da68649}</UniqueIdentifier>
    </Filter>
    <Filter Include="Quelldateien\Diagnostic">
      <UniqueIdentifier>{70c75323-3a85-43ce-8761-410a3e4aa8a3}</UniqueIdentifier>
    </Filter>
    <Filter Include="Quelldateien\Lib">
      <UniqueIdentifier>{5fc37252-aea6-4cb5-bb6a-fb8467bdbd6d}</UniqueIdentifier>
    </Filter>
    <Filter Include="Quelldateien\IO">
      <UniqueIdentifier>{45480065-edd4-41f4-84ea-9956b3174e2a}</UniqueIdentifier>
    </Filter>
    <Filter Include="Quelldateien\NeuronDescriptionFactory">
      <UniqueIdentifier>{3643bad8-f0fd-432d-ba71-4ce81842a94d}</UniqueIdentifier>
    </Filter>
    <Filter Include="Quelldateien\Logging">
      <UniqueIdentifier>{e4d89380-86bc-4786-ab8e-54c023e76411}</UniqueIdentifier>
    </Filter>
    <Filter Include="Quelldateien\Event">
      <UniqueIdentifier>{bed3beb0-17dd-46fd-8052-46587b24149a}</UniqueIdentifier>
    </Filter>
  </ItemGroup>
  <ItemGroup>
    <ClCompile Include="ActivationOrder\AbstractActivationOrder.cpp">
      <Filter>Quelldateien\ActivationOrder</Filter>
    </ClCompile>
    <ClCompile Include="ActivationOrder\TopologicalOrder.cpp">
      <Filter>Quelldateien\ActivationOrder</Filter>
    </ClCompile>
    <ClCompile Include="NetworkTopology\AbstractNetworkTopology.cpp">
      <Filter>Quelldateien\NetworkTopology</Filter>
    </ClCompile>
    <ClCompile Include="NeuralNetwork\NeuralNetwork.cpp">
      <Filter>Quelldateien\NeuralNetwork</Filter>
    </ClCompile>
    <ClCompile Include="Learning\AbstractLearningRule.cpp">
      <Filter>Quelldateien\Learning</Filter>
    </ClCompile>
    <ClCompile Include="Learning\Evolution\AbstractCoevolutionFitnessFunction.cpp">
      <Filter>Quelldateien\Learning\Evolution</Filter>
    </ClCompile>
    <ClCompile Include="Learning\Evolution\AbstractCombiningStrategy.cpp">
      <Filter>Quelldateien\Learning\Evolution</Filter>
    </ClCompile>
    <ClCompile Include="Learning\Evolution\AbstractCreationCommand.cpp">
      <Filter>Quelldateien\Learning\Evolution</Filter>
    </ClCompile>
    <ClCompile Include="Learning\Evolution\AbstractExitCondition.cpp">
      <Filter>Quelldateien\Learning\Evolution</Filter>
    </ClCompile>
    <ClCompile Include="Learning\Evolution\AbstractHallOfFameAlgorithm.cpp">
      <Filter>Quelldateien\Learning\Evolution</Filter>
    </ClCompile>
    <ClCompile Include="Learning\Evolution\AbstractMutationAlgorithm.cpp">
      <Filter>Quelldateien\Learning\Evolution</Filter>
    </ClCompile>
    <ClCompile Include="Learning\Evolution\AbstractMutationCommand.cpp">
      <Filter>Quelldateien\Learning\Evolution</Filter>
    </ClCompile>
    <ClCompile Include="Learning\Evolution\AbstractRecombinationAlgorithm.cpp">
      <Filter>Quelldateien\Learning\Evolution</Filter>
    </ClCompile>
    <ClCompile Include="Learning\Evolution\AbstractRecombinationCommand.cpp">
      <Filter>Quelldateien\Learning\Evolution</Filter>
    </ClCompile>
    <ClCompile Include="Learning\Evolution\AbstractReuseCommand.cpp">
      <Filter>Quelldateien\Learning\Evolution</Filter>
    </ClCompile>
    <ClCompile Include="Learning\Evolution\AbstractSelectionCommand.cpp">
      <Filter>Quelldateien\Learning\Evolution</Filter>
    </ClCompile>
    <ClCompile Include="Learning\Evolution\BipartiteEvolutionLearningRule.cpp">
      <Filter>Quelldateien\Learning\Evolution</Filter>
    </ClCompile>
    <ClCompile Include="Learning\Evolution\ConstantCoevolutionFitnessFunction.cpp">
      <Filter>Quelldateien\Learning\Evolution</Filter>
    </ClCompile>
    <ClCompile Include="Learning\Evolution\FullHallOfFameAlgorithm.cpp">
      <Filter>Quelldateien\Learning\Evolution</Filter>
    </ClCompile>
    <ClCompile Include="Learning\Evolution\RandomCombiningStrategy.cpp">
      <Filter>Quelldateien\Learning\Evolution</Filter>
    </ClCompile>
    <ClCompile Include="Learning\Evolution\RandomHallOfFameAlgorithm.cpp">
      <Filter>Quelldateien\Learning\Evolution</Filter>
    </ClCompile>
    <ClCompile Include="Learning\Evolution\RoundRobinCombiningStrategy.cpp">
      <Filter>Quelldateien\Learning\Evolution</Filter>
    </ClCompile>
    <ClCompile Include="Learning\Evolution\SharedCoevolutionFitnessFunction.cpp">
      <Filter>Quelldateien\Learning\Evolution</Filter>
    </ClCompile>
    <ClCompile Include="Learning\Evolution\SharedSamplingCombiningStrategy.cpp">
      <Filter>Quelldateien\Learning\Evolution</Filter>
    </ClCompile>
    <ClCompile Include="Learning\Evolution\TournamentCombiningStrategy.cpp">
      <Filter>Quelldateien\Learning\Evolution</Filter>
    </ClCompile>
    <ClCompile Include="Learning\Evolution\BestSelectionCommand.cpp">
      <Filter>Quelldateien\Learning\Evolution</Filter>
    </ClCompile>
    <ClCompile Include="Learning\Evolution\ConstantCreationCommand.cpp">
      <Filter>Quelldateien\Learning\Evolution</Filter>
    </ClCompile>
    <ClCompile Include="Learning\Evolution\ConstantMutationCommand.cpp">
      <Filter>Quelldateien\Learning\Evolution</Filter>
    </ClCompile>
    <ClCompile Include="Learning\Evolution\ConstantRecombinationCommand.cpp">
      <Filter>Quelldateien\Learning\Evolution</Filter>
    </ClCompile>
    <ClCompile Include="Learning\Evolution\EvolutionLearningRule.cpp">
      <Filter>Quelldateien\Learning\Evolution</Filter>
    </ClCompile>
    <ClCompile Include="Learning\Evolution\FitnessSharingFitnessFunction.cpp">
      <Filter>Quelldateien\Learning\Evolution</Filter>
    </ClCompile>
    <ClCompile Include="Learning\Evolution\PositiveMakerFitnessFunction.cpp">
      <Filter>Quelldateien\Learning\Evolution</Filter>
    </ClCompile>
    <ClCompile Include="Learning\Evolution\RandomSelector.cpp">
      <Filter>Quelldateien\Learning\Evolution</Filter>
    </ClCompile>
    <ClCompile Include="Learning\Evolution\RateDifferenceCondition.cpp">
      <Filter>Quelldateien\Learning\Evolution</Filter>
    </ClCompile>
    <ClCompile Include="Learning\Evolution\RemainderStochasticSamplingSelector.cpp">
      <Filter>Quelldateien\Learning\Evolution</Filter>
    </ClCompile>
    <ClCompile Include="Learning\Evolution\StochasticUniversalSamplingSelector.cpp">
      <Filter>Quelldateien\Learning\Evolution</Filter>
    </ClCompile>
    <ClCompile Include="Learning\Evolution\TeachedEvolutionObject.cpp">
      <Filter>Quelldateien\Learning\Evolution</Filter>
    </ClCompile>
    <ClCompile Include="Learning\Evolution\EvolutionStrategy\MutationAlgorithm.cpp">
      <Filter>Quelldateien\Learning\Evolution\EvolutionStrategy</Filter>
    </ClCompile>
    <ClCompile Include="Learning\Evolution\EvolutionStrategy\RecombinationAlgorithm.cpp">
      <Filter>Quelldateien\Learning\Evolution\EvolutionStrategy</Filter>
    </ClCompile>
    <ClCompile Include="Teaching\AbstractTeachingLesson.cpp">
      <Filter>Quelldateien\Teaching</Filter>
    </ClCompile>
    <ClCompile Include="Teaching\Teacher.cpp">
      <Filter>Quelldateien\Teaching</Filter>
    </ClCompile>
    <ClCompile Include="Teaching\TeachingLessonBooleanInput.cpp">
      <Filter>Quelldateien\Teaching</Filter>
    </ClCompile>
    <ClCompile Include="Teaching\TeachingLessonLinearInput.cpp">
      <Filter>Quelldateien\Teaching</Filter>
    </ClCompile>
    <ClCompile Include="Lib\ziggurat.cpp">
      <Filter>Quelldateien\Lib</Filter>
    </ClCompile>
    <ClCompile Include="IO\AbstractExporter.cpp">
      <Filter>Quelldateien\IO</Filter>
    </ClCompile>
    <ClCompile Include="IO\AbstractJSONElement.cpp">
      <Filter>Quelldateien\IO</Filter>
    </ClCompile>
    <ClCompile Include="IO\BrainJSExporter.cpp">
      <Filter>Quelldateien\IO</Filter>
    </ClCompile>
    <ClCompile Include="IO\JSONArray.cpp">
      <Filter>Quelldateien\IO</Filter>
    </ClCompile>
    <ClCompile Include="IO\JSONAttribute.cpp">
      <Filter>Quelldateien\IO</Filter>
    </ClCompile>
    <ClCompile Include="IO\JSONNumberElement.cpp">
      <Filter>Quelldateien\IO</Filter>
    </ClCompile>
    <ClCompile Include="IO\JSONStringElement.cpp">
      <Filter>Quelldateien\IO</Filter>
    </ClCompile>
    <ClCompile Include="IO\JSONObject.cpp">
      <Filter>Quelldateien\IO</Filter>
    </ClCompile>
    <ClCompile Include="IO\SynapticExporter.cpp">
      <Filter>Quelldateien\IO</Filter>
    </ClCompile>
    <ClCompile Include="Learning\Evolution\AbstractRecombinationSelector.cpp">
      <Filter>Quelldateien\Learning\Evolution</Filter>
    </ClCompile>
    <ClCompile Include="Learning\Evolution\AbstractMutationSelector.cpp">
      <Filter>Quelldateien\Learning\Evolution</Filter>
    </ClCompile>
    <ClCompile Include="Learning\Evolution\AbstractReuseSelector.cpp">
      <Filter>Quelldateien\Learning\Evolution</Filter>
    </ClCompile>
    <ClCompile Include="Learning\Evolution\BestReuseSelector.cpp">
      <Filter>Quelldateien\Learning\Evolution</Filter>
    </ClCompile>
    <ClCompile Include="Learning\Evolution\ConstantReuseCommand.cpp">
      <Filter>Quelldateien\Learning\Evolution</Filter>
    </ClCompile>
    <ClCompile Include="Learning\Evolution\AbstractCommand.cpp">
      <Filter>Quelldateien\Learning\Evolution</Filter>
    </ClCompile>
    <ClCompile Include="Logging\AbstractLoggable.cpp">
      <Filter>Quelldateien\Logging</Filter>
    </ClCompile>
    <ClCompile Include="Logging\AbstractLogger.cpp">
      <Filter>Quelldateien\Logging</Filter>
    </ClCompile>
    <ClCompile Include="NeuralNetwork\AbstractNeuralNetwork.cpp">
      <Filter>Quelldateien\NeuralNetwork</Filter>
    </ClCompile>
    <ClCompile Include="Event\AbstractObserver.cpp">
      <Filter>Quelldateien\Event</Filter>
    </ClCompile>
    <ClCompile Include="IO\MatrixIO.hpp">
      <Filter>Quelldateien\IO</Filter>
    </ClCompile>
    <ClCompile Include="IO\NeuralNetworkIO.hpp">
      <Filter>Quelldateien\IO</Filter>
    </ClCompile>
    <ClCompile Include="Teaching\AbstractTeacher.cpp">
      <Filter>Quelldateien\Teaching</Filter>
    </ClCompile>
    <ClCompile Include="Logging\ConsoleLogger.cpp">
      <Filter>Quelldateien\Logging</Filter>
    </ClCompile>
    <ClCompile Include="Learning\Evolution\ExponentialFitnessFunction.cpp">
      <Filter>Quelldateien\Learning\Evolution</Filter>
    </ClCompile>
    <ClCompile Include="Learning\Evolution\LinearScalingFitnessFunction.cpp">
      <Filter>Quelldateien\Learning\Evolution</Filter>
    </ClCompile>
    <ClCompile Include="Learning\Evolution\ScoreCondition.cpp">
      <Filter>Quelldateien\Learning\Evolution</Filter>
    </ClCompile>
    <ClCompile Include="Learning\Evolution\StandardDeviationFitnessFunction.cpp">
      <Filter>Quelldateien\Learning\Evolution</Filter>
    </ClCompile>
    <ClCompile Include="Event\Observable.cpp">
      <Filter>Quelldateien\Event</Filter>
    </ClCompile>
    <ClCompile Include="Event\Observer.cpp">
      <Filter>Quelldateien\Event</Filter>
    </ClCompile>
    <ClCompile Include="Logging\StorageLogger.cpp">
      <Filter>Quelldateien\Logging</Filter>
    </ClCompile>
    <ClCompile Include="Learning\Evolution\MagnitudeBasedPruningMutationAlgorithm.cpp" />
    <ClCompile Include="Learning\Evolution\NetworkGrowMutationAlgorithm.cpp" />
    <ClCompile Include="Learning\Evolution\WeightDecayFitnessFunction.cpp" />
    <ClCompile Include="Learning\Evolution\NeuronDecayFitnessFunction.cpp" />
    <ClCompile Include="Learning\Evolution\PhasedTopologyMutationAlgorithm.cpp" />
    <ClCompile Include="Learning\Reinforcement\AbstractReinforcementLearningRule.cpp" />
    <ClCompile Include="Learning\Reinforcement\PolicyGradientLearningRule.cpp" />
    <ClCompile Include="Learning\Reinforcement\DQNLearningRule.cpp" />
    <ClCompile Include="Learning\Supervised\AbstractSupervisedLearningRule.cpp">
      <Filter>Quelldateien\Learning</Filter>
    </ClCompile>
    <ClCompile Include="Learning\Supervised\GradientCalculation\AbstractGradientCalculation.cpp" />
    <ClCompile Include="Learning\Supervised\GradientCalculation\Backpropagation.cpp">
      <Filter>Quelldateien\Learning</Filter>
    </ClCompile>
    <ClCompile Include="Learning\Evolution\AbstractEvolutionLearningRule.cpp">
      <Filter>Quelldateien\Learning</Filter>
    </ClCompile>
    <ClCompile Include="Random\AbstractRandomGenerator.cpp" />
    <ClCompile Include="Random\StandardRandomGenerator.cpp" />
    <ClCompile Include="Random\AbstractRandomGeneratorUser.cpp" />
    <ClCompile Include="Function\ActivationFunction\AbstractActivationFunction.cpp">
      <Filter>Quelldateien\Function</Filter>
    </ClCompile>
    <ClCompile Include="Function\InputFunction\AbstractInputFunction.cpp">
      <Filter>Quelldateien\Function</Filter>
    </ClCompile>
    <ClCompile Include="Function\RandomFunction\AbstractRandomFunction.cpp" />
    <ClCompile Include="Function\SelectionFunction\AbstractSelectionFunction.cpp">
      <Filter>Quelldateien\Function</Filter>
    </ClCompile>
    <ClCompile Include="Function\ShrinkFunction\AbstractShrinkFunction.cpp">
      <Filter>Quelldateien\Function</Filter>
    </ClCompile>
    <ClCompile Include="Function\ActivationFunction\BinaryFunction.cpp">
      <Filter>Quelldateien\Function</Filter>
    </ClCompile>
    <ClCompile Include="Function\RandomFunction\EqualRandomFunction.cpp">
      <Filter>Quelldateien\Function</Filter>
    </ClCompile>
    <ClCompile Include="Function\InputFunction\EuclideanDistance.cpp">
      <Filter>Quelldateien\Function</Filter>
    </ClCompile>
    <ClCompile Include="Function\ShrinkFunction\ExponentialShrinkFunction.cpp">
      <Filter>Quelldateien\Function</Filter>
    </ClCompile>
    <ClCompile Include="Function\ActivationFunction\FermiFunction.cpp">
      <Filter>Quelldateien\Function</Filter>
    </ClCompile>
    <ClCompile Include="Function\ActivationFunction\HyperbolicTangentFunction.cpp">
      <Filter>Quelldateien\Function</Filter>
    </ClCompile>
    <ClCompile Include="Function\ActivationFunction\IdentityFunction.cpp">
      <Filter>Quelldateien\Function</Filter>
    </ClCompile>
    <ClCompile Include="Function\RandomFunction\RankBasedRandomFunction.cpp">
      <Filter>Quelldateien\Function</Filter>
    </ClCompile>
    <ClCompile Include="Function\ActivationFunction\RectifierFunction.cpp" />
    <ClCompile Include="Function\SelectionFunction\RouletteWheelSelectionFunction.cpp">
      <Filter>Quelldateien\Function</Filter>
    </ClCompile>
    <ClCompile Include="Function\InputFunction\WeightedSumFunction.cpp">
      <Filter>Quelldateien\Function</Filter>
    </ClCompile>
    <ClCompile Include="Random\XorShfGenerator.cpp">
      <Filter>Quelldateien\Function</Filter>
    </ClCompile>
    <ClCompile Include="Random\ZigguratGenerator.cpp">
      <Filter>Quelldateien\Function</Filter>
    </ClCompile>
    <ClCompile Include="NetworkTopology\FeedForwardNetworkTopology.cpp">
      <Filter>Quelldateien\NetworkTopology</Filter>
    </ClCompile>
    <ClCompile Include="IO\FeedForwardNetworkTopologyIO.hpp">
      <Filter>Quelldateien\IO</Filter>
    </ClCompile>
    <ClCompile Include="NetworkTopology\AbstractFeedForwardNetworkTopology.cpp" />
    <ClCompile Include="NeuronDescription\NeuronDescription.cpp">
      <Filter>Quelldateien\Neuron</Filter>
    </ClCompile>
    <ClCompile Include="NeuronDescription\AbstractNeuronDescriptionFactory.cpp">
      <Filter>Quelldateien\NeuronDescriptionFactory</Filter>
    </ClCompile>
    <ClCompile Include="NeuronDescription\DifferentNeuronDescriptionFactory.cpp">
      <Filter>Quelldateien\NeuronDescriptionFactory</Filter>
    </ClCompile>
    <ClCompile Include="NeuronDescription\SameNeuronDescriptionFactory.cpp">
      <Filter>Quelldateien\NeuronDescriptionFactory</Filter>
    </ClCompile>
    <ClCompile Include="Learning\Evolution\AbstractFitnessFunction.cpp" />
    <ClCompile Include="Learning\Supervised\GradientDescentLearningRule.cpp" />
    <ClCompile Include="Learning\Supervised\GradientDescentAlgorithms\ResilientLearningRate.cpp">
      <Filter>Quelldateien\Learning</Filter>
    </ClCompile>
    <ClCompile Include="Learning\Supervised\GradientDescentAlgorithms\RMSPropLearningRate.cpp" />
    <ClCompile Include="Learning\Supervised\GradientDescentAlgorithms\AbstractGradientDescentAlgorithm.cpp" />
    <ClCompile Include="Learning\Supervised\GradientDescentAlgorithms\SimpleGradientDescent.cpp" />
    <ClCompile Include="Tools\AbstractCloneable.cpp" />
    <ClCompile Include="Teaching\TeachingInput.cpp" />
    <ClCompile Include="Learning\Evolution\AbstractIndividual.cpp">
      <Filter>Quelldateien\Learning\Evolution</Filter>
    </ClCompile>
    <ClCompile Include="Learning\Evolution\AbstractDefaultIndividual.cpp">
      <Filter>Quelldateien\Learning\Evolution</Filter>
    </ClCompile>
    <ClCompile Include="Learning\Evolution\PerfectIndividualFoundCondition.cpp">
      <Filter>Quelldateien\Learning\Evolution</Filter>
    </ClCompile>
    <ClCompile Include="Learning\Evolution\AbstractCoevolutionEnvironment.cpp">
      <Filter>Quelldateien\Learning\Evolution</Filter>
    </ClCompile>
    <ClCompile Include="Learning\Evolution\AbstractEvolutionEnvironment.cpp">
      <Filter>Quelldateien\Learning\Evolution</Filter>
    </ClCompile>
    <ClCompile Include="Learning\Evolution\AbstractSimpleEvolutionEnvironment.cpp">
      <Filter>Quelldateien\Learning\Evolution</Filter>
    </ClCompile>
    <ClCompile Include="Learning\Evolution\TeachingEvolutionEnvironment.cpp">
      <Filter>Quelldateien\Learning\Evolution</Filter>
    </ClCompile>
    <ClCompile Include="Learning\Reinforcement\AbstractReinforcementEnvironment.cpp" />
  </ItemGroup>
  <ItemGroup>
    <ClInclude Include="ActivationOrder\AbstractActivationOrder.hpp">
      <Filter>Quelldateien\ActivationOrder</Filter>
    </ClInclude>
    <ClInclude Include="ActivationOrder\TopologicalOrder.hpp">
      <Filter>Quelldateien\ActivationOrder</Filter>
    </ClInclude>
    <ClInclude Include="NetworkTopology\AbstractNetworkTopology.hpp">
      <Filter>Quelldateien\NetworkTopology</Filter>
    </ClInclude>
    <ClInclude Include="NeuralNetwork\NeuralNetwork.hpp">
      <Filter>Quelldateien\NeuralNetwork</Filter>
    </ClInclude>
    <ClInclude Include="Learning\AbstractLearningRule.hpp">
      <Filter>Quelldateien\Learning</Filter>
    </ClInclude>
    <ClInclude Include="Learning\Evolution\AbstractCoevolutionFitnessFunction.hpp">
      <Filter>Quelldateien\Learning\Evolution</Filter>
    </ClInclude>
    <ClInclude Include="Learning\Evolution\AbstractCombiningStrategy.hpp">
      <Filter>Quelldateien\Learning\Evolution</Filter>
    </ClInclude>
    <ClInclude Include="Learning\Evolution\AbstractCreationCommand.hpp">
      <Filter>Quelldateien\Learning\Evolution</Filter>
    </ClInclude>
    <ClInclude Include="Learning\Evolution\AbstractExitCondition.hpp">
      <Filter>Quelldateien\Learning\Evolution</Filter>
    </ClInclude>
    <ClInclude Include="Learning\Evolution\AbstractHallOfFameAlgorithm.hpp">
      <Filter>Quelldateien\Learning\Evolution</Filter>
    </ClInclude>
    <ClInclude Include="Learning\Evolution\AbstractMutationAlgorithm.hpp">
      <Filter>Quelldateien\Learning\Evolution</Filter>
    </ClInclude>
    <ClInclude Include="Learning\Evolution\AbstractMutationCommand.hpp">
      <Filter>Quelldateien\Learning\Evolution</Filter>
    </ClInclude>
    <ClInclude Include="Learning\Evolution\AbstractRecombinationAlgorithm.hpp">
      <Filter>Quelldateien\Learning\Evolution</Filter>
    </ClInclude>
    <ClInclude Include="Learning\Evolution\AbstractRecombinationCommand.hpp">
      <Filter>Quelldateien\Learning\Evolution</Filter>
    </ClInclude>
    <ClInclude Include="Learning\Evolution\AbstractReuseCommand.hpp">
      <Filter>Quelldateien\Learning\Evolution</Filter>
    </ClInclude>
    <ClInclude Include="Learning\Evolution\AbstractSelectionCommand.hpp">
      <Filter>Quelldateien\Learning\Evolution</Filter>
    </ClInclude>
    <ClInclude Include="Learning\Evolution\BipartiteEvolutionLearningRule.hpp">
      <Filter>Quelldateien\Learning\Evolution</Filter>
    </ClInclude>
    <ClInclude Include="Learning\Evolution\ConstantCoevolutionFitnessFunction.hpp">
      <Filter>Quelldateien\Learning\Evolution</Filter>
    </ClInclude>
    <ClInclude Include="Learning\Evolution\FullHallOfFameAlgorithm.hpp">
      <Filter>Quelldateien\Learning\Evolution</Filter>
    </ClInclude>
    <ClInclude Include="Learning\Evolution\RandomCombiningStrategy.hpp">
      <Filter>Quelldateien\Learning\Evolution</Filter>
    </ClInclude>
    <ClInclude Include="Learning\Evolution\RandomHallOfFameAlgorithm.hpp">
      <Filter>Quelldateien\Learning\Evolution</Filter>
    </ClInclude>
    <ClInclude Include="Learning\Evolution\RoundRobinCombiningStrategy.hpp">
      <Filter>Quelldateien\Learning\Evolution</Filter>
    </ClInclude>
    <ClInclude Include="Learning\Evolution\SharedCoevolutionFitnessFunction.hpp">
      <Filter>Quelldateien\Learning\Evolution</Filter>
    </ClInclude>
    <ClInclude Include="Learning\Evolution\SharedSamplingCombiningStrategy.hpp">
      <Filter>Quelldateien\Learning\Evolution</Filter>
    </ClInclude>
    <ClInclude Include="Learning\Evolution\TournamentCombiningStrategy.hpp">
      <Filter>Quelldateien\Learning\Evolution</Filter>
    </ClInclude>
    <ClInclude Include="Learning\Evolution\BestSelectionCommand.hpp">
      <Filter>Quelldateien\Learning\Evolution</Filter>
    </ClInclude>
    <ClInclude Include="Learning\Evolution\ConstantCreationCommand.hpp">
      <Filter>Quelldateien\Learning\Evolution</Filter>
    </ClInclude>
    <ClInclude Include="Learning\Evolution\ConstantMutationCommand.hpp">
      <Filter>Quelldateien\Learning\Evolution</Filter>
    </ClInclude>
    <ClInclude Include="Learning\Evolution\ConstantRecombinationCommand.hpp">
      <Filter>Quelldateien\Learning\Evolution</Filter>
    </ClInclude>
    <ClInclude Include="Learning\Evolution\EvolutionLearningRule.hpp">
      <Filter>Quelldateien\Learning\Evolution</Filter>
    </ClInclude>
    <ClInclude Include="Learning\Evolution\FitnessSharingFitnessFunction.hpp">
      <Filter>Quelldateien\Learning\Evolution</Filter>
    </ClInclude>
    <ClInclude Include="Learning\Evolution\PositiveMakerFitnessFunction.hpp">
      <Filter>Quelldateien\Learning\Evolution</Filter>
    </ClInclude>
    <ClInclude Include="Learning\Evolution\RandomSelector.hpp">
      <Filter>Quelldateien\Learning\Evolution</Filter>
    </ClInclude>
    <ClInclude Include="Learning\Evolution\RateDifferenceCondition.hpp">
      <Filter>Quelldateien\Learning\Evolution</Filter>
    </ClInclude>
    <ClInclude Include="Learning\Evolution\RemainderStochasticSamplingSelector.hpp">
      <Filter>Quelldateien\Learning\Evolution</Filter>
    </ClInclude>
    <ClInclude Include="Learning\Evolution\StochasticUniversalSamplingSelector.hpp">
      <Filter>Quelldateien\Learning\Evolution</Filter>
    </ClInclude>
    <ClInclude Include="Learning\Evolution\EvolutionStrategy\MutationAlgorithm.hpp">
      <Filter>Quelldateien\Learning\Evolution\EvolutionStrategy</Filter>
    </ClInclude>
    <ClInclude Include="Learning\Evolution\EvolutionStrategy\RecombinationAlgorithm.hpp">
      <Filter>Quelldateien\Learning\Evolution\EvolutionStrategy</Filter>
    </ClInclude>
    <ClInclude Include="Teaching\AbstractTeachingLesson.hpp">
      <Filter>Quelldateien\Teaching</Filter>
    </ClInclude>
    <ClInclude Include="Teaching\Teacher.hpp">
      <Filter>Quelldateien\Teaching</Filter>
    </ClInclude>
    <ClInclude Include="Teaching\TeachingLessonBooleanInput.hpp">
      <Filter>Quelldateien\Teaching</Filter>
    </ClInclude>
    <ClInclude Include="Teaching\TeachingLessonLinearInput.hpp">
      <Filter>Quelldateien\Teaching</Filter>
    </ClInclude>
    <ClInclude Include="Lib\ziggurat.hpp">
      <Filter>Quelldateien\Lib</Filter>
    </ClInclude>
    <ClInclude Include="IO\AbstractExporter.hpp">
      <Filter>Quelldateien\IO</Filter>
    </ClInclude>
    <ClInclude Include="IO\AbstractJSONElement.hpp">
      <Filter>Quelldateien\IO</Filter>
    </ClInclude>
    <ClInclude Include="IO\BrainJSExporter.hpp">
      <Filter>Quelldateien\IO</Filter>
    </ClInclude>
    <ClInclude Include="IO\JSONArray.hpp">
      <Filter>Quelldateien\IO</Filter>
    </ClInclude>
    <ClInclude Include="IO\JSONAttribute.hpp">
      <Filter>Quelldateien\IO</Filter>
    </ClInclude>
    <ClInclude Include="IO\JSONNumberElement.hpp">
      <Filter>Quelldateien\IO</Filter>
    </ClInclude>
    <ClInclude Include="IO\JSONStringElement.hpp">
      <Filter>Quelldateien\IO</Filter>
    </ClInclude>
    <ClInclude Include="IO\JSONObject.hpp">
      <Filter>Quelldateien\IO</Filter>
    </ClInclude>
    <ClInclude Include="IO\SynapticExporter.hpp">
      <Filter>Quelldateien\IO</Filter>
    </ClInclude>
    <ClInclude Include="Learning\Evolution\AbstractRecombinationSelector.hpp">
      <Filter>Quelldateien\Learning\Evolution</Filter>
    </ClInclude>
    <ClInclude Include="Learning\Evolution\AbstractMutationSelector.hpp">
      <Filter>Quelldateien\Learning\Evolution</Filter>
    </ClInclude>
    <ClInclude Include="Learning\Evolution\AbstractReuseSelector.hpp">
      <Filter>Quelldateien\Learning\Evolution</Filter>
    </ClInclude>
    <ClInclude Include="Learning\Evolution\BestReuseSelector.hpp">
      <Filter>Quelldateien\Learning\Evolution</Filter>
    </ClInclude>
    <ClInclude Include="Learning\Evolution\ConstantReuseCommand.hpp">
      <Filter>Quelldateien\Learning\Evolution</Filter>
    </ClInclude>
    <ClInclude Include="Learning\Evolution\AbstractCommand.hpp">
      <Filter>Quelldateien\Learning\Evolution</Filter>
    </ClInclude>
    <ClInclude Include="Learning\LearningState.hpp">
      <Filter>Quelldateien\Learning\Evolution</Filter>
    </ClInclude>
    <ClInclude Include="IO\AbstractHallOfFameAlgorithmIO.hpp">
      <Filter>Quelldateien\IO</Filter>
    </ClInclude>
    <ClInclude Include="IO\AbstractLearningRuleIO.hpp">
      <Filter>Quelldateien\IO</Filter>
    </ClInclude>
    <ClInclude Include="Logging\AbstractLoggable.hpp">
      <Filter>Quelldateien\Logging</Filter>
    </ClInclude>
    <ClInclude Include="Logging\AbstractLogger.hpp">
      <Filter>Quelldateien\Logging</Filter>
    </ClInclude>
    <ClInclude Include="NeuralNetwork\AbstractNeuralNetwork.hpp">
      <Filter>Quelldateien\NeuralNetwork</Filter>
    </ClInclude>
    <ClInclude Include="Event\AbstractObserver.hpp">
      <Filter>Quelldateien\Event</Filter>
    </ClInclude>
    <ClInclude Include="IO\AbstractSupervisedLearningRuleIO.hpp">
      <Filter>Quelldateien\IO</Filter>
    </ClInclude>
    <ClInclude Include="IO\BipartiteEvolutionLearningRuleIO.hpp">
      <Filter>Quelldateien\IO</Filter>
    </ClInclude>
    <ClInclude Include="IO\DifferentNeuronDescriptionFactoryIO.hpp">
      <Filter>Quelldateien\IO</Filter>
    </ClInclude>
    <ClInclude Include="IO\EvolutionLearningRuleIO.hpp">
      <Filter>Quelldateien\IO</Filter>
    </ClInclude>
    <ClInclude Include="IO\FermiFunctionIO.hpp">
      <Filter>Quelldateien\IO</Filter>
    </ClInclude>
    <ClInclude Include="IO\LearningStateIO.hpp">
      <Filter>Quelldateien\IO</Filter>
    </ClInclude>
    <ClInclude Include="IO\NeuronDescriptionIO.hpp">
      <Filter>Quelldateien\IO</Filter>
    </ClInclude>
    <ClInclude Include="IO\SameNeuronDescriptionFactoryIO.hpp">
      <Filter>Quelldateien\IO</Filter>
    </ClInclude>
    <ClInclude Include="IO\StorageLoggerIO.hpp">
      <Filter>Quelldateien\IO</Filter>
    </ClInclude>
    <ClInclude Include="IO\UseParentSerialization.hpp">
      <Filter>Quelldateien\IO</Filter>
    </ClInclude>
    <ClInclude Include="Teaching\AbstractTeacher.hpp">
      <Filter>Quelldateien\Teaching</Filter>
    </ClInclude>
    <ClInclude Include="Logging\ConsoleLogger.hpp">
      <Filter>Quelldateien\Logging</Filter>
    </ClInclude>
    <ClInclude Include="Learning\Evolution\StandardDeviationFitnessFunction.hpp">
      <Filter>Quelldateien\Learning\Evolution</Filter>
    </ClInclude>
    <ClInclude Include="Learning\Evolution\ExponentialFitnessFunction.hpp">
      <Filter>Quelldateien\Learning\Evolution</Filter>
    </ClInclude>
    <ClInclude Include="Learning\Evolution\LinearScalingFitnessFunction.hpp">
      <Filter>Quelldateien\Learning\Evolution</Filter>
    </ClInclude>
    <ClInclude Include="Learning\Evolution\ScoreCondition.hpp">
      <Filter>Quelldateien\Learning\Evolution</Filter>
    </ClInclude>
    <ClInclude Include="Event\Observer.hpp">
      <Filter>Quelldateien\Event</Filter>
    </ClInclude>
    <ClInclude Include="Event\Observable.hpp">
      <Filter>Quelldateien\Event</Filter>
    </ClInclude>
    <ClInclude Include="IO\IOStorage.hpp">
      <Filter>Quelldateien\IO</Filter>
    </ClInclude>
    <ClInclude Include="Logging\StorageLogger.hpp">
      <Filter>Quelldateien\Logging</Filter>
    </ClInclude>
    <ClInclude Include="IO\UsedArchives.hpp">
      <Filter>Quelldateien\IO</Filter>
    </ClInclude>
    <ClInclude Include="Learning\Evolution\MagnitudeBasedPruningMutationAlgorithm.hpp" />
    <ClInclude Include="Learning\Evolution\NetworkGrowMutationAlgorithm.hpp" />
    <ClInclude Include="Learning\AbstractLearningResult.hpp" />
    <ClInclude Include="Learning\Evolution\WeightDecayFitnessFunction.hpp" />
    <ClInclude Include="Learning\Evolution\NeuronDecayFitnessFunction.hpp" />
    <ClInclude Include="Learning\Evolution\PhasedTopologyMutationAlgorithm.hpp" />
    <ClInclude Include="IO\ConstructExisting.hpp" />
    <ClInclude Include="IO\EnumSerialization.hpp" />
    <ClInclude Include="Learning\Reinforcement\AbstractReinforcementLearningRule.hpp" />
    <ClInclude Include="Learning\Reinforcement\PolicyGradientLearningRule.hpp" />
    <ClInclude Include="Learning\Reinforcement\DQNLearningRule.hpp" />
    <ClInclude Include="Learning\Supervised\AbstractSupervisedLearningRule.hpp">
      <Filter>Quelldateien\Learning</Filter>
    </ClInclude>
    <ClInclude Include="Learning\Supervised\GradientCalculation\AbstractGradientCalculation.hpp" />
    <ClInclude Include="Learning\Supervised\GradientCalculation\Backpropagation.hpp">
      <Filter>Quelldateien\Learning</Filter>
    </ClInclude>
    <ClInclude Include="Learning\Supervised\SupervisedLearningResult.hpp" />
    <ClInclude Include="Learning\Evolution\AbstractEvolutionLearningRule.hpp">
      <Filter>Quelldateien\Learning</Filter>
    </ClInclude>
    <ClInclude Include="Learning\Evolution\EvolutionLearningResult.hpp" />
    <ClInclude Include="Random\AbstractRandomGenerator.hpp" />
    <ClInclude Include="Random\StandardRandomGenerator.hpp" />
    <ClInclude Include="Random\AbstractRandomGeneratorUser.hpp" />
    <ClInclude Include="Function\ActivationFunction\AbstractActivationFunction.hpp">
      <Filter>Quelldateien\Function</Filter>
    </ClInclude>
    <ClInclude Include="Function\InputFunction\AbstractInputFunction.hpp">
      <Filter>Quelldateien\Function</Filter>
    </ClInclude>
    <ClInclude Include="Function\RandomFunction\AbstractRandomFunction.hpp" />
    <ClInclude Include="Function\SelectionFunction\AbstractSelectionFunction.hpp">
      <Filter>Quelldateien\Function</Filter>
    </ClInclude>
    <ClInclude Include="Function\ShrinkFunction\AbstractShrinkFunction.hpp">
      <Filter>Quelldateien\Function</Filter>
    </ClInclude>
    <ClInclude Include="Function\ActivationFunction\BinaryFunction.hpp">
      <Filter>Quelldateien\Function</Filter>
    </ClInclude>
    <ClInclude Include="Function\RandomFunction\EqualRandomFunction.hpp">
      <Filter>Quelldateien\Function</Filter>
    </ClInclude>
    <ClInclude Include="Function\InputFunction\EuclideanDistance.hpp">
      <Filter>Quelldateien\Function</Filter>
    </ClInclude>
    <ClInclude Include="Function\ShrinkFunction\ExponentialShrinkFunction.hpp">
      <Filter>Quelldateien\Function</Filter>
    </ClInclude>
    <ClInclude Include="Function\ActivationFunction\FermiFunction.hpp">
      <Filter>Quelldateien\Function</Filter>
    </ClInclude>
    <ClInclude Include="Function\ActivationFunction\HyperbolicTangentFunction.hpp">
      <Filter>Quelldateien\Function</Filter>
    </ClInclude>
    <ClInclude Include="Function\ActivationFunction\IdentityFunction.hpp">
      <Filter>Quelldateien\Function</Filter>
    </ClInclude>
    <ClInclude Include="Function\RandomFunction\RankBasedRandomFunction.hpp">
      <Filter>Quelldateien\Function</Filter>
    </ClInclude>
    <ClInclude Include="Function\ActivationFunction\RectifierFunction.hpp" />
    <ClInclude Include="Function\SelectionFunction\RouletteWheelSelectionFunction.hpp">
      <Filter>Quelldateien\Function</Filter>
    </ClInclude>
    <ClInclude Include="Function\InputFunction\WeightedSumFunction.hpp">
      <Filter>Quelldateien\Function</Filter>
    </ClInclude>
    <ClInclude Include="Random\ZigguratGenerator.hpp">
      <Filter>Quelldateien\Function</Filter>
    </ClInclude>
    <ClInclude Include="Random\XorShfGenerator.hpp">
      <Filter>Quelldateien\Function</Filter>
    </ClInclude>
    <ClInclude Include="NetworkTopology\FeedForwardNetworkTopology.hpp">
      <Filter>Quelldateien\NetworkTopology</Filter>
    </ClInclude>
    <ClInclude Include="NetworkTopology\AbstractFeedForwardNetworkTopology.hpp" />
    <ClInclude Include="IO\BackpropagationIO.hpp" />
    <ClInclude Include="IO\ResilientLearningRateIO.hpp" />
    <ClInclude Include="IO\RMSPropLearningRateIO.hpp" />
    <ClInclude Include="IO\StandardRandomGeneratorIO.hpp" />
    <ClInclude Include="NeuronDescription\NeuronDescription.hpp">
      <Filter>Quelldateien\Neuron</Filter>
    </ClInclude>
    <ClInclude Include="NeuronDescription\AbstractNeuronDescriptionFactory.hpp">
      <Filter>Quelldateien\NeuronDescriptionFactory</Filter>
    </ClInclude>
    <ClInclude Include="NeuronDescription\DifferentNeuronDescriptionFactory.hpp">
      <Filter>Quelldateien\NeuronDescriptionFactory</Filter>
    </ClInclude>
    <ClInclude Include="NeuronDescription\SameNeuronDescriptionFactory.hpp">
      <Filter>Quelldateien\NeuronDescriptionFactory</Filter>
    </ClInclude>
    <ClInclude Include="IO\DQNLearningRuleIO.hpp" />
    <ClInclude Include="IO\AbstractReinforcementLearningRuleIO.hpp" />
    <ClInclude Include="Learning\Evolution\AbstractFitnessFunction.hpp" />
    <ClInclude Include="Learning\Supervised\GradientDescentLearningRule.hpp" />
    <ClInclude Include="Learning\Supervised\GradientDescentAlgorithms\ResilientLearningRate.hpp">
      <Filter>Quelldateien\Learning</Filter>
    </ClInclude>
    <ClInclude Include="Learning\Supervised\GradientDescentAlgorithms\RMSPropLearningRate.hpp" />
    <ClInclude Include="Learning\Supervised\GradientDescentAlgorithms\AbstractGradientDescentAlgorithm.hpp" />
    <ClInclude Include="Learning\Supervised\GradientDescentAlgorithms\SimpleGradientDescent.hpp" />
    <ClInclude Include="IO\AbstractGradientDescentAlgorithmIO.hpp" />
    <ClInclude Include="IO\SimpleGradientDescentIO.hpp" />
    <ClInclude Include="IO\GradientDescentLearningRuleIO.hpp">
      <Filter>Quelldateien\IO</Filter>
    </ClInclude>
    <ClInclude Include="Tools\AbstractCloneable.hpp" />
    <ClInclude Include="IO\ZigguratGeneratorIO.hpp" />
    <ClInclude Include="IO\XorShfGeneratorIO.hpp" />
    <ClInclude Include="IO\AbstractEvolutionLearningRuleIO.hpp" />
    <ClInclude Include="Teaching\TeachingInput.hpp" />
    <ClInclude Include="IO\AbstractRandomGeneratorIO.hpp" />
    <ClInclude Include="Learning\Evolution\AbstractIndividual.hpp">
      <Filter>Quelldateien\Learning\Evolution</Filter>
    </ClInclude>
    <ClInclude Include="IO\AbstractIndividualIO.hpp">
      <Filter>Quelldateien\IO</Filter>
    </ClInclude>
    <ClInclude Include="Learning\Evolution\AbstractDefaultIndividual.hpp">
      <Filter>Quelldateien\Learning\Evolution</Filter>
    </ClInclude>
    <ClInclude Include="IO\AbstractDefaultIndividualIO.hpp">
      <Filter>Quelldateien\IO</Filter>
    </ClInclude>
    <ClInclude Include="Learning\Evolution\TeachedIndividual.hpp">
      <Filter>Quelldateien\Learning\Evolution</Filter>
    </ClInclude>
    <ClInclude Include="IO\TeachedIndividualIO.hpp" />
    <ClInclude Include="Learning\Evolution\PerfectIndividualFoundCondition.hpp">
      <Filter>Quelldateien\Learning\Evolution</Filter>
    </ClInclude>
    <ClInclude Include="IO\AbstractCoevolutionEnvironmentIO.hpp">
      <Filter>Quelldateien\IO</Filter>
    </ClInclude>
    <ClInclude Include="IO\AbstractReinforcementEnvironmentIO.hpp" />
    <ClInclude Include="IO\AbstractSimpleEvolutionEnvironmentIO.hpp">
      <Filter>Quelldateien\IO</Filter>
    </ClInclude>
    <ClInclude Include="Learning\Evolution\AbstractCoevolutionEnvironment.hpp">
      <Filter>Quelldateien\Learning\Evolution</Filter>
    </ClInclude>
    <ClInclude Include="Learning\Evolution\AbstractEvolutionEnvironment.hpp">
      <Filter>Quelldateien\Learning\Evolution</Filter>
    </ClInclude>
    <ClInclude Include="Learning\Evolution\AbstractSimpleEvolutionEnvironment.hpp">
      <Filter>Quelldateien\Learning\Evolution</Filter>
    </ClInclude>
    <ClInclude Include="Learning\Evolution\TeachingEvolutionEnvironment.hpp">
      <Filter>Quelldateien\Learning\Evolution</Filter>
    </ClInclude>
    <ClInclude Include="Learning\Reinforcement\AbstractReinforcementEnvironment.hpp" />
  </ItemGroup>
</Project>