<?xml version="1.0" encoding="utf-8"?>
<Project ToolsVersion="4.0" xmlns="http://schemas.microsoft.com/developer/msbuild/2003">
  <ItemGroup>
    <Filter Include="Quelldateien">
      <UniqueIdentifier>{4FC737F1-C7A5-4376-A066-2A32D752A2FF}</UniqueIdentifier>
      <Extensions>cpp;c;cc;cxx;def;odl;idl;hpj;bat;asm;asmx</Extensions>
    </Filter>
    <Filter Include="Headerdateien">
      <UniqueIdentifier>{93995380-89BD-4b04-88EB-625FBE52EBFB}</UniqueIdentifier>
      <Extensions>h;hh;hpp;hxx;hm;inl;inc;xsd</Extensions>
    </Filter>
    <Filter Include="Ressourcendateien">
      <UniqueIdentifier>{67DA6AB6-F800-4c08-8B7A-83BB121AAD01}</UniqueIdentifier>
      <Extensions>rc;ico;cur;bmp;dlg;rc2;rct;bin;rgs;gif;jpg;jpeg;jpe;resx;tiff;tif;png;wav;mfcribbon-ms</Extensions>
    </Filter>
    <Filter Include="Quelldateien\Performance">
      <UniqueIdentifier>{c497f015-a6fd-4fcd-8f44-14cb62dbea60}</UniqueIdentifier>
    </Filter>
  </ItemGroup>
  <ItemGroup>
    <ClCompile Include="main.old.cpp">
      <Filter>Quelldateien</Filter>
    </ClCompile>
    <ClCompile Include="Performance\NetworkPerformanceTests.cpp">
      <Filter>Quelldateien\Performance</Filter>
    </ClCompile>
    <ClCompile Include="App.cpp">
      <Filter>Quelldateien</Filter>
    </ClCompile>
    <ClCompile Include="Windows\TrainingWindow.cpp">
      <Filter>Quelldateien</Filter>
    </ClCompile>
    <ClCompile Include="Windows\TrainingController.cpp">
      <Filter>Quelldateien</Filter>
    </ClCompile>
    <ClCompile Include="Windows\AbstractWindow.cpp">
      <Filter>Quelldateien</Filter>
    </ClCompile>
    <ClCompile Include="Windows\LoggerWindow.cpp">
      <Filter>Quelldateien</Filter>
    </ClCompile>
    <ClCompile Include="Windows\LoggerController.cpp">
      <Filter>Quelldateien</Filter>
    </ClCompile>
    <ClCompile Include="Windows\SimulatorWindow.cpp">
      <Filter>Quelldateien</Filter>
    </ClCompile>
    <ClCompile Include="Windows\SimulatorController.cpp">
      <Filter>Quelldateien</Filter>
    </ClCompile>
    <ClCompile Include="Repositories\NeuralNetworkRepository.cpp">
      <Filter>Quelldateien</Filter>
    </ClCompile>
    <ClCompile Include="Repositories\TrainingPlanRepository.cpp">
      <Filter>Quelldateien</Filter>
    </ClCompile>
    <ClCompile Include="Windows\LearningStateWindow.cpp">
      <Filter>Quelldateien</Filter>
    </ClCompile>
    <ClCompile Include="Windows\LearningStateController.cpp">
      <Filter>Quelldateien</Filter>
    </ClCompile>
    <ClCompile Include="Windows\AbstractSubApp.cpp">
      <Filter>Quelldateien</Filter>
    </ClCompile>
    <ClCompile Include="Windows\LearningStateFactory.cpp">
      <Filter>Quelldateien</Filter>
    </ClCompile>
    <ClCompile Include="Windows\LoggerFactory.cpp">
      <Filter>Quelldateien</Filter>
    </ClCompile>
    <ClCompile Include="Windows\SimulatorFactory.cpp">
      <Filter>Quelldateien</Filter>
    </ClCompile>
    <ClCompile Include="IO\AbstractSingleNNTrainingPlanIO.cpp">
      <Filter>Quelldateien</Filter>
    </ClCompile>
    <ClCompile Include="Windows\AbstractCustomSubApp.cpp">
      <Filter>Quelldateien</Filter>
    </ClCompile>
    <ClCompile Include="Windows\PreferencesWindow.cpp">
      <Filter>Quelldateien</Filter>
    </ClCompile>
    <ClCompile Include="Windows\PreferencesController.cpp">
      <Filter>Quelldateien</Filter>
    </ClCompile>
    <ClCompile Include="Windows\AbstractSubAppWindow.cpp">
      <Filter>Quelldateien</Filter>
    </ClCompile>
    <ClCompile Include="Windows\NetworkViewerWindow.cpp">
      <Filter>Quelldateien</Filter>
    </ClCompile>
    <ClCompile Include="Windows\NetworkViewerController.cpp">
      <Filter>Quelldateien</Filter>
    </ClCompile>
    <ClCompile Include="Windows\NetworkViewerFactory.cpp">
      <Filter>Quelldateien</Filter>
    </ClCompile>
    <ClCompile Include="Windows\AbstractSubAppFactory.cpp">
      <Filter>Quelldateien</Filter>
    </ClCompile>
    <ClCompile Include="Windows\AbstractMainApp.cpp">
      <Filter>Quelldateien</Filter>
    </ClCompile>
    <ClCompile Include="Windows\AbstractCustomSubAppFactory.cpp">
      <Filter>Quelldateien</Filter>
    </ClCompile>
    <ClCompile Include="Windows\AbstractApp.cpp">
      <Filter>Quelldateien</Filter>
    </ClCompile>
    <ClCompile Include="Windows\EvolutionAnalyzerController.cpp">
      <Filter>Quelldateien</Filter>
    </ClCompile>
    <ClCompile Include="Windows\EvolutionAnalyzerFactory.cpp">
      <Filter>Quelldateien</Filter>
    </ClCompile>
    <ClCompile Include="Windows\EvolutionAnalyzerWindow.cpp">
      <Filter>Quelldateien</Filter>
    </ClCompile>
    <ClCompile Include="TrainingPlans\AbstractCoevolutionTrainingPlan.cpp">
      <Filter>Quelldateien</Filter>
    </ClCompile>
    <ClCompile Include="TrainingPlans\AbstractEvolutionTrainingPlan.cpp">
      <Filter>Quelldateien</Filter>
    </ClCompile>
    <ClCompile Include="TrainingPlans\AbstractLearningRuleTrainingPlan.cpp">
      <Filter>Quelldateien</Filter>
    </ClCompile>
    <ClCompile Include="TrainingPlans\AbstractReinforcementTrainingPlan.cpp">
      <Filter>Quelldateien</Filter>
    </ClCompile>
    <ClCompile Include="TrainingPlans\AbstractSingleNNTrainingPlan.cpp">
      <Filter>Quelldateien</Filter>
    </ClCompile>
    <ClCompile Include="TrainingPlans\AbstractTrainingPlan.cpp">
      <Filter>Quelldateien</Filter>
    </ClCompile>
    <ClCompile Include="TrainingPlans\Preferences\AbstractVariablePreference.cpp">
      <Filter>Quelldateien</Filter>
    </ClCompile>
    <ClCompile Include="TrainingPlans\Preferences\BooleanPreference.cpp">
      <Filter>Quelldateien</Filter>
    </ClCompile>
    <ClCompile Include="TrainingPlans\Preferences\DoublePreference.cpp">
      <Filter>Quelldateien</Filter>
    </ClCompile>
    <ClCompile Include="TrainingPlans\Preferences\IntegerPreference.cpp">
      <Filter>Quelldateien</Filter>
    </ClCompile>
    <ClCompile Include="TrainingPlans\Preferences\AbstractPreference.cpp">
      <Filter>Quelldateien</Filter>
    </ClCompile>
    <ClCompile Include="TrainingPlans\Preferences\PreferenceGroup.cpp">
      <Filter>Quelldateien</Filter>
    </ClCompile>
    <ClCompile Include="TrainingPlans\Preferences\SimpleGradientDescentPreferenceGroup.cpp">
      <Filter>Quelldateien</Filter>
    </ClCompile>
  </ItemGroup>
  <ItemGroup>
    <ClInclude Include="Performance\NetworkPerformanceTests.hpp">
      <Filter>Headerdateien</Filter>
    </ClInclude>
    <ClInclude Include="App.hpp">
      <Filter>Headerdateien</Filter>
    </ClInclude>
    <ClInclude Include="Windows\TrainingWindow.hpp">
      <Filter>Headerdateien</Filter>
    </ClInclude>
    <ClInclude Include="Windows\TrainingController.hpp">
      <Filter>Headerdateien</Filter>
    </ClInclude>
    <ClInclude Include="Windows\AbstractWindow.hpp">
      <Filter>Headerdateien</Filter>
    </ClInclude>
    <ClInclude Include="Windows\LoggerController.hpp">
      <Filter>Headerdateien</Filter>
    </ClInclude>
    <ClInclude Include="Windows\LoggerWindow.hpp">
      <Filter>Headerdateien</Filter>
    </ClInclude>
    <ClInclude Include="Windows\SimulatorWindow.hpp">
      <Filter>Headerdateien</Filter>
    </ClInclude>
    <ClInclude Include="Windows\SimulatorController.hpp">
      <Filter>Headerdateien</Filter>
    </ClInclude>
    <ClInclude Include="Repositories\NeuralNetworkRepository.hpp">
      <Filter>Headerdateien</Filter>
    </ClInclude>
    <ClInclude Include="IO\AbstractTrainingPlanIO.hpp">
      <Filter>Headerdateien</Filter>
    </ClInclude>
    <ClInclude Include="Repositories\TrainingPlanRepository.hpp">
      <Filter>Headerdateien</Filter>
    </ClInclude>
    <ClInclude Include="IO\TrainingControllerIO.hpp">
      <Filter>Headerdateien</Filter>
    </ClInclude>
    <ClInclude Include="IO\NeuralNetworkRepositoryIO.hpp">
      <Filter>Headerdateien</Filter>
    </ClInclude>
    <ClInclude Include="IO\TrainingPlanRepositoryIO.hpp">
      <Filter>Headerdateien</Filter>
    </ClInclude>
    <ClInclude Include="Windows\LearningStateWindow.hpp">
      <Filter>Headerdateien</Filter>
    </ClInclude>
    <ClInclude Include="Windows\LearningStateController.hpp">
      <Filter>Headerdateien</Filter>
    </ClInclude>
    <ClInclude Include="IO\AbstractLearningRuleTrainingPlanIO.hpp">
      <Filter>Headerdateien</Filter>
    </ClInclude>
    <ClInclude Include="Windows\AbstractSubApp.hpp">
      <Filter>Headerdateien</Filter>
    </ClInclude>
    <ClInclude Include="Windows\AbstractSubAppFactory.hpp">
      <Filter>Headerdateien</Filter>
    </ClInclude>
    <ClInclude Include="Windows\LearningStateFactory.hpp">
      <Filter>Headerdateien</Filter>
    </ClInclude>
    <ClInclude Include="Windows\LoggerFactory.hpp">
      <Filter>Headerdateien</Filter>
    </ClInclude>
    <ClInclude Include="Windows\SimulatorFactory.hpp">
      <Filter>Headerdateien</Filter>
    </ClInclude>
    <ClInclude Include="IO\AbstractSingleNNTrainingPlanIO.hpp">
      <Filter>Headerdateien</Filter>
    </ClInclude>
    <ClInclude Include="Windows\AbstractCustomSubApp.hpp">
      <Filter>Headerdateien</Filter>
    </ClInclude>
    <ClInclude Include="Windows\AbstractCustomSubAppFactory.hpp">
      <Filter>Headerdateien</Filter>
    </ClInclude>
    <ClInclude Include="Windows\PreferencesController.hpp">
      <Filter>Headerdateien</Filter>
    </ClInclude>
    <ClInclude Include="Windows\PreferencesWindow.hpp">
      <Filter>Headerdateien</Filter>
    </ClInclude>
    <ClInclude Include="IO\AbstractEvolutionTrainingPlanIO.hpp">
      <Filter>Headerdateien</Filter>
    </ClInclude>
    <ClInclude Include="IO\AbstractCoevolutionTrainingPlanIO.hpp">
      <Filter>Headerdateien</Filter>
    </ClInclude>
    <ClInclude Include="IO\AbstractPreferenceIO.hpp">
      <Filter>Headerdateien</Filter>
    </ClInclude>
    <ClInclude Include="IO\IntegerPreferenceIO.hpp">
      <Filter>Headerdateien</Filter>
    </ClInclude>
    <ClInclude Include="IO\DoublePreferenceIO.hpp">
      <Filter>Headerdateien</Filter>
    </ClInclude>
    <ClInclude Include="IO\BooleanPreferenceIO.hpp">
      <Filter>Headerdateien</Filter>
    </ClInclude>
    <ClInclude Include="Windows\AbstractMainApp.hpp">
      <Filter>Headerdateien</Filter>
    </ClInclude>
    <ClInclude Include="Windows\AbstractSubAppWindow.hpp">
      <Filter>Headerdateien</Filter>
    </ClInclude>
    <ClInclude Include="Windows\AbstractApp.hpp">
      <Filter>Headerdateien</Filter>
    </ClInclude>
    <ClInclude Include="Windows\NetworkViewerFactory.hpp">
      <Filter>Headerdateien</Filter>
    </ClInclude>
    <ClInclude Include="Windows\NetworkViewerWindow.hpp">
      <Filter>Headerdateien</Filter>
    </ClInclude>
    <ClInclude Include="Windows\NetworkViewerController.hpp">
      <Filter>Headerdateien</Filter>
    </ClInclude>
    <ClInclude Include="Windows\EvolutionAnalyzerController.hpp">
      <Filter>Headerdateien</Filter>
    </ClInclude>
    <ClInclude Include="Windows\EvolutionAnalyzerFactory.hpp">
      <Filter>Headerdateien</Filter>
    </ClInclude>
    <ClInclude Include="Windows\EvolutionAnalyzerWindow.hpp">
      <Filter>Headerdateien</Filter>
    </ClInclude>
    <ClInclude Include="IO\AbstractReinforcementTrainingPlanIO.hpp">
      <Filter>Headerdateien</Filter>
    </ClInclude>
    <ClInclude Include="TrainingPlans\AbstractCoevolutionTrainingPlan.hpp">
      <Filter>Headerdateien</Filter>
    </ClInclude>
    <ClInclude Include="TrainingPlans\AbstractEvolutionTrainingPlan.hpp">
      <Filter>Headerdateien</Filter>
    </ClInclude>
    <ClInclude Include="TrainingPlans\AbstractLearningRuleTrainingPlan.hpp">
      <Filter>Headerdateien</Filter>
    </ClInclude>
    <ClInclude Include="TrainingPlans\AbstractReinforcementTrainingPlan.hpp">
      <Filter>Headerdateien</Filter>
    </ClInclude>
    <ClInclude Include="TrainingPlans\AbstractSingleNNTrainingPlan.hpp">
      <Filter>Headerdateien</Filter>
    </ClInclude>
    <ClInclude Include="TrainingPlans\AbstractTrainingPlan.hpp">
      <Filter>Headerdateien</Filter>
    </ClInclude>
    <ClInclude Include="TrainingPlans\Preferences\IntegerPreference.hpp">
      <Filter>Headerdateien</Filter>
    </ClInclude>
    <ClInclude Include="TrainingPlans\Preferences\AbstractVariablePreference.hpp">
      <Filter>Headerdateien</Filter>
    </ClInclude>
    <ClInclude Include="TrainingPlans\Preferences\BooleanPreference.hpp">
      <Filter>Headerdateien</Filter>
    </ClInclude>
    <ClInclude Include="TrainingPlans\Preferences\DoublePreference.hpp">
      <Filter>Headerdateien</Filter>
    </ClInclude>
    <ClInclude Include="TrainingPlans\Preferences\AbstractPreference.hpp">
      <Filter>Headerdateien</Filter>
    </ClInclude>
    <ClInclude Include="TrainingPlans\Preferences\PreferenceGroup.hpp">
      <Filter>Headerdateien</Filter>
    </ClInclude>
    <ClInclude Include="IO\PreferenceGroupIO.hpp">
      <Filter>Headerdateien</Filter>
    </ClInclude>
    <ClInclude Include="TrainingPlans\Preferences\SimpleGradientDescentPreferenceGroup.hpp">
      <Filter>Headerdateien</Filter>
    </ClInclude>
  </ItemGroup>
</Project>