<?xml version="1.0" encoding="utf-8"?>
<Project ToolsVersion="4.0" xmlns="http://schemas.microsoft.com/developer/msbuild/2003">
  <ItemGroup>
    <Filter Include="Quelldateien">
      <UniqueIdentifier>{4FC737F1-C7A5-4376-A066-2A32D752A2FF}</UniqueIdentifier>
      <Extensions>cpp;c;cc;cxx;def;odl;idl;hpj;bat;asm;asmx</Extensions>
    </Filter>
    <Filter Include="Headerdateien">
      <UniqueIdentifier>{93995380-89BD-4b04-88EB-625FBE52EBFB}</UniqueIdentifier>
      <Extensions>h;hh;hpp;hxx;hm;inl;inc;xsd</Extensions>
    </Filter>
    <Filter Include="Ressourcendateien">
      <UniqueIdentifier>{67DA6AB6-F800-4c08-8B7A-83BB121AAD01}</UniqueIdentifier>
      <Extensions>rc;ico;cur;bmp;dlg;rc2;rct;bin;rgs;gif;jpg;jpeg;jpe;resx;tiff;tif;png;wav;mfcribbon-ms</Extensions>
    </Filter>
    <Filter Include="Quelldateien\IO">
      <UniqueIdentifier>{7a6704f9-292a-46ee-87ae-961d47899930}</UniqueIdentifier>
    </Filter>
    <Filter Include="Quelldateien\Teaching">
      <UniqueIdentifier>{cfdbc2a7-a817-4135-a747-f7ed72831f6d}</UniqueIdentifier>
    </Filter>
  </ItemGroup>
  <ItemGroup>
    <ClCompile Include="UT.cpp">
      <Filter>Quelldateien</Filter>
    </ClCompile>
    <ClCompile Include="IO\BrainJSExporterTest.cpp">
      <Filter>Quelldateien\IO</Filter>
    </ClCompile>
    <ClCompile Include="IO\SynapticExporterTest.cpp">
      <Filter>Quelldateien\IO</Filter>
    </ClCompile>
    <ClCompile Include="NetworkTopology\LayeredNetworkTest.cpp">
      <Filter>Quelldateien</Filter>
    </ClCompile>
    <ClCompile Include="Function\WeightedSumFunctionTest.cpp">
      <Filter>Quelldateien</Filter>
    </ClCompile>
    <ClCompile Include="ActivationOrder\TopologicalOrderTest.cpp">
      <Filter>Quelldateien</Filter>
    </ClCompile>
    <ClCompile Include="Teaching\TeachingLessonLinearInputTest.cpp">
      <Filter>Quelldateien</Filter>
    </ClCompile>
    <ClCompile Include="NeuralNetwork\NeuralNetworkTest.cpp">
      <Filter>Quelldateien</Filter>
    </ClCompile>
    <ClCompile Include="Teaching\TeachingLessonBooleanInputTest.cpp">
      <Filter>Quelldateien</Filter>
    </ClCompile>
    <ClCompile Include="Teaching\TeacherTest.cpp">
      <Filter>Quelldateien</Filter>
    </ClCompile>
    <ClCompile Include="Learning\BackpropagationLearningRuleTest.cpp">
      <Filter>Quelldateien</Filter>
    </ClCompile>
    <ClCompile Include="Function\EuclideanDistanceTest.cpp">
      <Filter>Quelldateien</Filter>
    </ClCompile>
    <ClCompile Include="Learning\RBFInterpolationLearningRuleTest.cpp">
      <Filter>Quelldateien</Filter>
    </ClCompile>
    <ClCompile Include="NetworkTopology\RBFNetworkTest.cpp">
      <Filter>Quelldateien</Filter>
    </ClCompile>
    <ClCompile Include="Learning\Evolution\ConstantRecombinationCommandTest.cpp">
      <Filter>Quelldateien</Filter>
    </ClCompile>
    <ClCompile Include="Learning\Evolution\ConstantMutationCommandTest.cpp">
      <Filter>Quelldateien</Filter>
    </ClCompile>
    <ClCompile Include="Learning\Evolution\ConstantReuseCommandTest.cpp">
      <Filter>Quelldateien</Filter>
    </ClCompile>
    <ClCompile Include="Learning\Evolution\BestReuseSelectorTest.cpp">
      <Filter>Quelldateien</Filter>
    </ClCompile>
    <ClCompile Include="Learning\Evolution\BestSelectionCommandTest.cpp">
      <Filter>Quelldateien</Filter>
    </ClCompile>
    <ClCompile Include="Learning\Evolution\BipartiteEvolutionLearningRuleTest.cpp">
      <Filter>Quelldateien</Filter>
    </ClCompile>
    <ClCompile Include="Learning\Evolution\ConstantCoevolutionFitnessFunctionTest.cpp">
      <Filter>Quelldateien</Filter>
    </ClCompile>
    <ClCompile Include="Learning\Evolution\ConstantCreationCommandTest.cpp">
      <Filter>Quelldateien</Filter>
    </ClCompile>
    <ClCompile Include="Learning\Evolution\EvolutionLearningRuleTest.cpp">
      <Filter>Quelldateien</Filter>
    </ClCompile>
  </ItemGroup>
  <ItemGroup>
    <ClInclude Include="Mocks\MockLayeredNetwork.hpp">
      <Filter>Headerdateien</Filter>
    </ClInclude>
    <ClInclude Include="Mocks\MockNetworkTopology.hpp">
      <Filter>Headerdateien</Filter>
    </ClInclude>
    <ClInclude Include="Mocks\MockActivationOrder.hpp">
      <Filter>Headerdateien</Filter>
    </ClInclude>
    <ClInclude Include="Mocks\MockNeuralNetwork.hpp">
      <Filter>Headerdateien</Filter>
    </ClInclude>
    <ClInclude Include="Mocks\MockActivationFunction.hpp">
      <Filter>Headerdateien</Filter>
    </ClInclude>
    <ClInclude Include="Mocks\MockTeachingLesson.hpp">
      <Filter>Headerdateien</Filter>
    </ClInclude>
    <ClInclude Include="Mocks\MockRecombinationSelector.hpp">
      <Filter>Headerdateien</Filter>
    </ClInclude>
    <ClInclude Include="Mocks\MockRecombinationAlgorithm.hpp">
      <Filter>Headerdateien</Filter>
    </ClInclude>
    <ClInclude Include="Mocks\MockEvolutionObject.hpp">
      <Filter>Headerdateien</Filter>
    </ClInclude>
    <ClInclude Include="Mocks\MockMutationAlgorithm.hpp">
      <Filter>Headerdateien</Filter>
    </ClInclude>
    <ClInclude Include="Mocks\MockMutationSelector.hpp">
      <Filter>Headerdateien</Filter>
    </ClInclude>
    <ClInclude Include="Mocks\MockReuseSelector.hpp">
      <Filter>Headerdateien</Filter>
    </ClInclude>
    <ClInclude Include="Mocks\MockEvolutionLearningRule.hpp">
      <Filter>Headerdateien</Filter>
    </ClInclude>
    <ClInclude Include="Mocks\MockEvolutionWorld.hpp">
      <Filter>Headerdateien</Filter>
    </ClInclude>
    <ClInclude Include="Mocks\MockExitCondition.hpp">
      <Filter>Headerdateien</Filter>
    </ClInclude>
    <ClInclude Include="Mocks\MockCreationCommand.hpp">
      <Filter>Headerdateien</Filter>
    </ClInclude>
    <ClInclude Include="Mocks\MockSelectionCommand.hpp">
      <Filter>Headerdateien</Filter>
    </ClInclude>
    <ClInclude Include="Mocks\MockFitnessFunction.hpp">
      <Filter>Headerdateien</Filter>
    </ClInclude>
    <ClInclude Include="Mocks\MockMutationCommand.hpp">
      <Filter>Headerdateien</Filter>
    </ClInclude>
    <ClInclude Include="Mocks\MockRecombinationCommand.hpp">
      <Filter>Headerdateien</Filter>
    </ClInclude>
    <ClInclude Include="Mocks\MockReuseCommand.hpp">
      <Filter>Headerdateien</Filter>
    </ClInclude>
    <ClInclude Include="Mocks\MockLogger.hpp">
      <Filter>Headerdateien</Filter>
    </ClInclude>
  </ItemGroup>
</Project>